// !$*UTF8*$!
{
	archiveVersion = 1;
	classes = {
	};
	objectVersion = 56;
	objects = {

/* Begin PBXBuildFile section */
		5E197D8A29FB5F200072BE72 /* mainApp.swift in Sources */ = {isa = PBXBuildFile; fileRef = 5E197D8929FB5F200072BE72 /* mainApp.swift */; };
		5E197D8C29FB5F200072BE72 /* ContentView.swift in Sources */ = {isa = PBXBuildFile; fileRef = 5E197D8B29FB5F200072BE72 /* ContentView.swift */; };
		5E197D8E29FB5F210072BE72 /* Assets.xcassets in Resources */ = {isa = PBXBuildFile; fileRef = 5E197D8D29FB5F210072BE72 /* Assets.xcassets */; };
		5E197D9129FB5F210072BE72 /* Preview Assets.xcassets in Resources */ = {isa = PBXBuildFile; fileRef = 5E197D9029FB5F210072BE72 /* Preview Assets.xcassets */; };
		5E197D9829FB5F740072BE72 /* TopView.swift in Sources */ = {isa = PBXBuildFile; fileRef = 5E197D9729FB5F740072BE72 /* TopView.swift */; };
		5E197D9C29FBE2640072BE72 /* Two_Button.swift in Sources */ = {isa = PBXBuildFile; fileRef = 5E197D9B29FBE2640072BE72 /* Two_Button.swift */; };
		5E197DA229FBEAA90072BE72 /* ModelData.swift in Sources */ = {isa = PBXBuildFile; fileRef = 5E197DA129FBEAA90072BE72 /* ModelData.swift */; };
		5E197DA429FBEF880072BE72 /* Main1_View.swift in Sources */ = {isa = PBXBuildFile; fileRef = 5E197DA329FBEF880072BE72 /* Main1_View.swift */; };
		5E197DA629FBF06F0072BE72 /* ImagePicker.swift in Sources */ = {isa = PBXBuildFile; fileRef = 5E197DA529FBF06F0072BE72 /* ImagePicker.swift */; };
		5E197DA829FC1E3A0072BE72 /* FamilyStatus.swift in Sources */ = {isa = PBXBuildFile; fileRef = 5E197DA729FC1E3A0072BE72 /* FamilyStatus.swift */; };
		5E197DAA29FCE3000072BE72 /* Main2_View.swift in Sources */ = {isa = PBXBuildFile; fileRef = 5E197DA929FCE3000072BE72 /* Main2_View.swift */; };
		5E4138E629FCE8D1001DA221 /* DiaryListRow.swift in Sources */ = {isa = PBXBuildFile; fileRef = 5E4138E529FCE8D1001DA221 /* DiaryListRow.swift */; };
		5E50128729FD033B00240444 /* DiaryDetailView.swift in Sources */ = {isa = PBXBuildFile; fileRef = 5E50128629FD033B00240444 /* DiaryDetailView.swift */; };
/* End PBXBuildFile section */

/* Begin PBXFileReference section */
		5E197D8629FB5F200072BE72 /* main.app */ = {isa = PBXFileReference; explicitFileType = wrapper.application; includeInIndex = 0; path = main.app; sourceTree = BUILT_PRODUCTS_DIR; };
		5E197D8929FB5F200072BE72 /* mainApp.swift */ = {isa = PBXFileReference; lastKnownFileType = sourcecode.swift; path = mainApp.swift; sourceTree = "<group>"; };
		5E197D8B29FB5F200072BE72 /* ContentView.swift */ = {isa = PBXFileReference; lastKnownFileType = sourcecode.swift; path = ContentView.swift; sourceTree = "<group>"; };
		5E197D8D29FB5F210072BE72 /* Assets.xcassets */ = {isa = PBXFileReference; lastKnownFileType = folder.assetcatalog; path = Assets.xcassets; sourceTree = "<group>"; };
		5E197D9029FB5F210072BE72 /* Preview Assets.xcassets */ = {isa = PBXFileReference; lastKnownFileType = folder.assetcatalog; path = "Preview Assets.xcassets"; sourceTree = "<group>"; };
		5E197D9729FB5F740072BE72 /* TopView.swift */ = {isa = PBXFileReference; lastKnownFileType = sourcecode.swift; path = TopView.swift; sourceTree = "<group>"; };
		5E197D9B29FBE2640072BE72 /* Two_Button.swift */ = {isa = PBXFileReference; lastKnownFileType = sourcecode.swift; path = Two_Button.swift; sourceTree = "<group>"; };
		5E197DA129FBEAA90072BE72 /* ModelData.swift */ = {isa = PBXFileReference; lastKnownFileType = sourcecode.swift; path = ModelData.swift; sourceTree = "<group>"; };
		5E197DA329FBEF880072BE72 /* Main1_View.swift */ = {isa = PBXFileReference; lastKnownFileType = sourcecode.swift; path = Main1_View.swift; sourceTree = "<group>"; };
		5E197DA529FBF06F0072BE72 /* ImagePicker.swift */ = {isa = PBXFileReference; lastKnownFileType = sourcecode.swift; path = ImagePicker.swift; sourceTree = "<group>"; };
		5E197DA729FC1E3A0072BE72 /* FamilyStatus.swift */ = {isa = PBXFileReference; lastKnownFileType = sourcecode.swift; path = FamilyStatus.swift; sourceTree = "<group>"; };
		5E197DA929FCE3000072BE72 /* Main2_View.swift */ = {isa = PBXFileReference; lastKnownFileType = sourcecode.swift; path = Main2_View.swift; sourceTree = "<group>"; };
		5E4138E529FCE8D1001DA221 /* DiaryListRow.swift */ = {isa = PBXFileReference; lastKnownFileType = sourcecode.swift; path = DiaryListRow.swift; sourceTree = "<group>"; };
		5E50128629FD033B00240444 /* DiaryDetailView.swift */ = {isa = PBXFileReference; lastKnownFileType = sourcecode.swift; path = DiaryDetailView.swift; sourceTree = "<group>"; };
/* End PBXFileReference section */

/* Begin PBXFrameworksBuildPhase section */
		5E197D8329FB5F200072BE72 /* Frameworks */ = {
			isa = PBXFrameworksBuildPhase;
			buildActionMask = 2147483647;
			files = (
			);
			runOnlyForDeploymentPostprocessing = 0;
		};
/* End PBXFrameworksBuildPhase section */

/* Begin PBXGroup section */
		5E197D7D29FB5F200072BE72 = {
			isa = PBXGroup;
			children = (
				5E197D8829FB5F200072BE72 /* main */,
				5E197D8729FB5F200072BE72 /* Products */,
			);
			sourceTree = "<group>";
		};
		5E197D8729FB5F200072BE72 /* Products */ = {
			isa = PBXGroup;
			children = (
				5E197D8629FB5F200072BE72 /* main.app */,
			);
			name = Products;
			sourceTree = "<group>";
		};
		5E197D8829FB5F200072BE72 /* main */ = {
			isa = PBXGroup;
			children = (
				5E197D8929FB5F200072BE72 /* mainApp.swift */,
				5E197D8B29FB5F200072BE72 /* ContentView.swift */,
				5E197DA729FC1E3A0072BE72 /* FamilyStatus.swift */,
				5E197DA129FBEAA90072BE72 /* ModelData.swift */,
				5E197D9B29FBE2640072BE72 /* Two_Button.swift */,
				5E197DA329FBEF880072BE72 /* Main1_View.swift */,
				5E197DA529FBF06F0072BE72 /* ImagePicker.swift */,
				5E197DA929FCE3000072BE72 /* Main2_View.swift */,
				5E50128629FD033B00240444 /* DiaryDetailView.swift */,
				5E4138E529FCE8D1001DA221 /* DiaryListRow.swift */,
				5E197D9729FB5F740072BE72 /* TopView.swift */,
				5E197D8D29FB5F210072BE72 /* Assets.xcassets */,
				5E197D8F29FB5F210072BE72 /* Preview Content */,
			);
			path = main;
			sourceTree = "<group>";
		};
		5E197D8F29FB5F210072BE72 /* Preview Content */ = {
			isa = PBXGroup;
			children = (
				5E197D9029FB5F210072BE72 /* Preview Assets.xcassets */,
			);
			path = "Preview Content";
			sourceTree = "<group>";
		};
/* End PBXGroup section */

/* Begin PBXNativeTarget section */
		5E197D8529FB5F200072BE72 /* main */ = {
			isa = PBXNativeTarget;
			buildConfigurationList = 5E197D9429FB5F210072BE72 /* Build configuration list for PBXNativeTarget "main" */;
			buildPhases = (
				5E197D8229FB5F200072BE72 /* Sources */,
				5E197D8329FB5F200072BE72 /* Frameworks */,
				5E197D8429FB5F200072BE72 /* Resources */,
			);
			buildRules = (
			);
			dependencies = (
			);
			name = main;
			productName = main;
			productReference = 5E197D8629FB5F200072BE72 /* main.app */;
			productType = "com.apple.product-type.application";
		};
/* End PBXNativeTarget section */

/* Begin PBXProject section */
		5E197D7E29FB5F200072BE72 /* Project object */ = {
			isa = PBXProject;
			attributes = {
				BuildIndependentTargetsInParallel = 1;
				LastSwiftUpdateCheck = 1430;
				LastUpgradeCheck = 1430;
				TargetAttributes = {
					5E197D8529FB5F200072BE72 = {
						CreatedOnToolsVersion = 14.3;
					};
				};
			};
			buildConfigurationList = 5E197D8129FB5F200072BE72 /* Build configuration list for PBXProject "main" */;
			compatibilityVersion = "Xcode 14.0";
			developmentRegion = en;
			hasScannedForEncodings = 0;
			knownRegions = (
				en,
				Base,
			);
			mainGroup = 5E197D7D29FB5F200072BE72;
			productRefGroup = 5E197D8729FB5F200072BE72 /* Products */;
			projectDirPath = "";
			projectRoot = "";
			targets = (
				5E197D8529FB5F200072BE72 /* main */,
			);
		};
/* End PBXProject section */

/* Begin PBXResourcesBuildPhase section */
		5E197D8429FB5F200072BE72 /* Resources */ = {
			isa = PBXResourcesBuildPhase;
			buildActionMask = 2147483647;
			files = (
				5E197D9129FB5F210072BE72 /* Preview Assets.xcassets in Resources */,
				5E197D8E29FB5F210072BE72 /* Assets.xcassets in Resources */,
			);
			runOnlyForDeploymentPostprocessing = 0;
		};
/* End PBXResourcesBuildPhase section */

/* Begin PBXSourcesBuildPhase section */
		5E197D8229FB5F200072BE72 /* Sources */ = {
			isa = PBXSourcesBuildPhase;
			buildActionMask = 2147483647;
			files = (
				5E197D9C29FBE2640072BE72 /* Two_Button.swift in Sources */,
				5E197DA429FBEF880072BE72 /* Main1_View.swift in Sources */,
				5E197D8C29FB5F200072BE72 /* ContentView.swift in Sources */,
				5E50128729FD033B00240444 /* DiaryDetailView.swift in Sources */,
				5E197DA829FC1E3A0072BE72 /* FamilyStatus.swift in Sources */,
				5E197DAA29FCE3000072BE72 /* Main2_View.swift in Sources */,
				5E197DA629FBF06F0072BE72 /* ImagePicker.swift in Sources */,
				5E197D9829FB5F740072BE72 /* TopView.swift in Sources */,
				5E197D8A29FB5F200072BE72 /* mainApp.swift in Sources */,
				5E4138E629FCE8D1001DA221 /* DiaryListRow.swift in Sources */,
				5E197DA229FBEAA90072BE72 /* ModelData.swift in Sources */,
			);
			runOnlyForDeploymentPostprocessing = 0;
		};
/* End PBXSourcesBuildPhase section */

/* Begin XCBuildConfiguration section */
		5E197D9229FB5F210072BE72 /* Debug */ = {
			isa = XCBuildConfiguration;
			buildSettings = {
				ALWAYS_SEARCH_USER_PATHS = NO;
				CLANG_ANALYZER_NONNULL = YES;
				CLANG_ANALYZER_NUMBER_OBJECT_CONVERSION = YES_AGGRESSIVE;
				CLANG_CXX_LANGUAGE_STANDARD = "gnu++20";
				CLANG_ENABLE_MODULES = YES;
				CLANG_ENABLE_OBJC_ARC = YES;
				CLANG_ENABLE_OBJC_WEAK = YES;
				CLANG_WARN_BLOCK_CAPTURE_AUTORELEASING = YES;
				CLANG_WARN_BOOL_CONVERSION = YES;
				CLANG_WARN_COMMA = YES;
				CLANG_WARN_CONSTANT_CONVERSION = YES;
				CLANG_WARN_DEPRECATED_OBJC_IMPLEMENTATIONS = YES;
				CLANG_WARN_DIRECT_OBJC_ISA_USAGE = YES_ERROR;
				CLANG_WARN_DOCUMENTATION_COMMENTS = YES;
				CLANG_WARN_EMPTY_BODY = YES;
				CLANG_WARN_ENUM_CONVERSION = YES;
				CLANG_WARN_INFINITE_RECURSION = YES;
				CLANG_WARN_INT_CONVERSION = YES;
				CLANG_WARN_NON_LITERAL_NULL_CONVERSION = YES;
				CLANG_WARN_OBJC_IMPLICIT_RETAIN_SELF = YES;
				CLANG_WARN_OBJC_LITERAL_CONVERSION = YES;
				CLANG_WARN_OBJC_ROOT_CLASS = YES_ERROR;
				CLANG_WARN_QUOTED_INCLUDE_IN_FRAMEWORK_HEADER = YES;
				CLANG_WARN_RANGE_LOOP_ANALYSIS = YES;
				CLANG_WARN_STRICT_PROTOTYPES = YES;
				CLANG_WARN_SUSPICIOUS_MOVE = YES;
				CLANG_WARN_UNGUARDED_AVAILABILITY = YES_AGGRESSIVE;
				CLANG_WARN_UNREACHABLE_CODE = YES;
				CLANG_WARN__DUPLICATE_METHOD_MATCH = YES;
				COPY_PHASE_STRIP = NO;
				DEBUG_INFORMATION_FORMAT = dwarf;
				ENABLE_STRICT_OBJC_MSGSEND = YES;
				ENABLE_TESTABILITY = YES;
				GCC_C_LANGUAGE_STANDARD = gnu11;
				GCC_DYNAMIC_NO_PIC = NO;
				GCC_NO_COMMON_BLOCKS = YES;
				GCC_OPTIMIZATION_LEVEL = 0;
				GCC_PREPROCESSOR_DEFINITIONS = (
					"DEBUG=1",
					"$(inherited)",
				);
				GCC_WARN_64_TO_32_BIT_CONVERSION = YES;
				GCC_WARN_ABOUT_RETURN_TYPE = YES_ERROR;
				GCC_WARN_UNDECLARED_SELECTOR = YES;
				GCC_WARN_UNINITIALIZED_AUTOS = YES_AGGRESSIVE;
				GCC_WARN_UNUSED_FUNCTION = YES;
				GCC_WARN_UNUSED_VARIABLE = YES;
				IPHONEOS_DEPLOYMENT_TARGET = 16.4;
				MTL_ENABLE_DEBUG_INFO = INCLUDE_SOURCE;
				MTL_FAST_MATH = YES;
				ONLY_ACTIVE_ARCH = YES;
				SDKROOT = iphoneos;
				SWIFT_ACTIVE_COMPILATION_CONDITIONS = DEBUG;
				SWIFT_OPTIMIZATION_LEVEL = "-Onone";
			};
			name = Debug;
		};
		5E197D9329FB5F210072BE72 /* Release */ = {
			isa = XCBuildConfiguration;
			buildSettings = {
				ALWAYS_SEARCH_USER_PATHS = NO;
				CLANG_ANALYZER_NONNULL = YES;
				CLANG_ANALYZER_NUMBER_OBJECT_CONVERSION = YES_AGGRESSIVE;
				CLANG_CXX_LANGUAGE_STANDARD = "gnu++20";
				CLANG_ENABLE_MODULES = YES;
				CLANG_ENABLE_OBJC_ARC = YES;
				CLANG_ENABLE_OBJC_WEAK = YES;
				CLANG_WARN_BLOCK_CAPTURE_AUTORELEASING = YES;
				CLANG_WARN_BOOL_CONVERSION = YES;
				CLANG_WARN_COMMA = YES;
				CLANG_WARN_CONSTANT_CONVERSION = YES;
				CLANG_WARN_DEPRECATED_OBJC_IMPLEMENTATIONS = YES;
				CLANG_WARN_DIRECT_OBJC_ISA_USAGE = YES_ERROR;
				CLANG_WARN_DOCUMENTATION_COMMENTS = YES;
				CLANG_WARN_EMPTY_BODY = YES;
				CLANG_WARN_ENUM_CONVERSION = YES;
				CLANG_WARN_INFINITE_RECURSION = YES;
				CLANG_WARN_INT_CONVERSION = YES;
				CLANG_WARN_NON_LITERAL_NULL_CONVERSION = YES;
				CLANG_WARN_OBJC_IMPLICIT_RETAIN_SELF = YES;
				CLANG_WARN_OBJC_LITERAL_CONVERSION = YES;
				CLANG_WARN_OBJC_ROOT_CLASS = YES_ERROR;
				CLANG_WARN_QUOTED_INCLUDE_IN_FRAMEWORK_HEADER = YES;
				CLANG_WARN_RANGE_LOOP_ANALYSIS = YES;
				CLANG_WARN_STRICT_PROTOTYPES = YES;
				CLANG_WARN_SUSPICIOUS_MOVE = YES;
				CLANG_WARN_UNGUARDED_AVAILABILITY = YES_AGGRESSIVE;
				CLANG_WARN_UNREACHABLE_CODE = YES;
				CLANG_WARN__DUPLICATE_METHOD_MATCH = YES;
				COPY_PHASE_STRIP = NO;
				DEBUG_INFORMATION_FORMAT = "dwarf-with-dsym";
				ENABLE_NS_ASSERTIONS = NO;
				ENABLE_STRICT_OBJC_MSGSEND = YES;
				GCC_C_LANGUAGE_STANDARD = gnu11;
				GCC_NO_COMMON_BLOCKS = YES;
				GCC_WARN_64_TO_32_BIT_CONVERSION = YES;
				GCC_WARN_ABOUT_RETURN_TYPE = YES_ERROR;
				GCC_WARN_UNDECLARED_SELECTOR = YES;
				GCC_WARN_UNINITIALIZED_AUTOS = YES_AGGRESSIVE;
				GCC_WARN_UNUSED_FUNCTION = YES;
				GCC_WARN_UNUSED_VARIABLE = YES;
				IPHONEOS_DEPLOYMENT_TARGET = 16.4;
				MTL_ENABLE_DEBUG_INFO = NO;
				MTL_FAST_MATH = YES;
				SDKROOT = iphoneos;
				SWIFT_COMPILATION_MODE = wholemodule;
				SWIFT_OPTIMIZATION_LEVEL = "-O";
				VALIDATE_PRODUCT = YES;
			};
			name = Release;
		};
		5E197D9529FB5F210072BE72 /* Debug */ = {
			isa = XCBuildConfiguration;
			buildSettings = {
				ASSETCATALOG_COMPILER_APPICON_NAME = AppIcon;
				ASSETCATALOG_COMPILER_GLOBAL_ACCENT_COLOR_NAME = AccentColor;
				CODE_SIGN_STYLE = Automatic;
				CURRENT_PROJECT_VERSION = 1;
				DEVELOPMENT_ASSET_PATHS = "\"main/Preview Content\"";
				DEVELOPMENT_TEAM = C3U3CZ666D;
				ENABLE_PREVIEWS = YES;
				GENERATE_INFOPLIST_FILE = YES;
				INFOPLIST_KEY_UIApplicationSceneManifest_Generation = YES;
				INFOPLIST_KEY_UIApplicationSupportsIndirectInputEvents = YES;
				INFOPLIST_KEY_UILaunchScreen_Generation = YES;
				INFOPLIST_KEY_UISupportedInterfaceOrientations_iPad = "UIInterfaceOrientationPortrait UIInterfaceOrientationPortraitUpsideDown UIInterfaceOrientationLandscapeLeft UIInterfaceOrientationLandscapeRight";
				INFOPLIST_KEY_UISupportedInterfaceOrientations_iPhone = "UIInterfaceOrientationPortrait UIInterfaceOrientationLandscapeLeft UIInterfaceOrientationLandscapeRight";
				LD_RUNPATH_SEARCH_PATHS = (
					"$(inherited)",
					"@executable_path/Frameworks",
				);
				MARKETING_VERSION = 1.0;
				PRODUCT_BUNDLE_IDENTIFIER = com.sangyong.main;
				PRODUCT_NAME = "$(TARGET_NAME)";
				SWIFT_EMIT_LOC_STRINGS = YES;
				SWIFT_VERSION = 5.0;
				TARGETED_DEVICE_FAMILY = "1,2";
			};
			name = Debug;
		};
		5E197D9629FB5F210072BE72 /* Release */ = {
			isa = XCBuildConfiguration;
			buildSettings = {
				ASSETCATALOG_COMPILER_APPICON_NAME = AppIcon;
				ASSETCATALOG_COMPILER_GLOBAL_ACCENT_COLOR_NAME = AccentColor;
				CODE_SIGN_STYLE = Automatic;
				CURRENT_PROJECT_VERSION = 1;
				DEVELOPMENT_ASSET_PATHS = "\"main/Preview Content\"";
				DEVELOPMENT_TEAM = C3U3CZ666D;
				ENABLE_PREVIEWS = YES;
				GENERATE_INFOPLIST_FILE = YES;
				INFOPLIST_KEY_UIApplicationSceneManifest_Generation = YES;
				INFOPLIST_KEY_UIApplicationSupportsIndirectInputEvents = YES;
				INFOPLIST_KEY_UILaunchScreen_Generation = YES;
				INFOPLIST_KEY_UISupportedInterfaceOrientations_iPad = "UIInterfaceOrientationPortrait UIInterfaceOrientationPortraitUpsideDown UIInterfaceOrientationLandscapeLeft UIInterfaceOrientationLandscapeRight";
				INFOPLIST_KEY_UISupportedInterfaceOrientations_iPhone = "UIInterfaceOrientationPortrait UIInterfaceOrientationLandscapeLeft UIInterfaceOrientationLandscapeRight";
				LD_RUNPATH_SEARCH_PATHS = (
					"$(inherited)",
					"@executable_path/Frameworks",
				);
				MARKETING_VERSION = 1.0;
				PRODUCT_BUNDLE_IDENTIFIER = com.sangyong.main;
				PRODUCT_NAME = "$(TARGET_NAME)";
				SWIFT_EMIT_LOC_STRINGS = YES;
				SWIFT_VERSION = 5.0;
				TARGETED_DEVICE_FAMILY = "1,2";
			};
			name = Release;
		};
/* End XCBuildConfiguration section */

/* Begin XCConfigurationList section */
		5E197D8129FB5F200072BE72 /* Build configuration list for PBXProject "main" */ = {
			isa = XCConfigurationList;
			buildConfigurations = (
				5E197D9229FB5F210072BE72 /* Debug */,
				5E197D9329FB5F210072BE72 /* Release */,
			);
			defaultConfigurationIsVisible = 0;
			defaultConfigurationName = Release;
		};
		5E197D9429FB5F210072BE72 /* Build configuration list for PBXNativeTarget "main" */ = {
			isa = XCConfigurationList;
			buildConfigurations = (
				5E197D9529FB5F210072BE72 /* Debug */,
				5E197D9629FB5F210072BE72 /* Release */,
			);
			defaultConfigurationIsVisible = 0;
			defaultConfigurationName = Release;
		};
/* End XCConfigurationList section */
	};
	rootObject = 5E197D7E29FB5F200072BE72 /* Project object */;
}
