// !$*UTF8*$!
{
	archiveVersion = 1;
	classes = {
	};
	objectVersion = 56;
	objects = {

/* Begin PBXBuildFile section */
		5EA113572A3DE35D00EA4342 /* API_PracticeApp.swift in Sources */ = {isa = PBXBuildFile; fileRef = 5EA113562A3DE35D00EA4342 /* API_PracticeApp.swift */; };
		5EA113592A3DE35D00EA4342 /* ContentView.swift in Sources */ = {isa = PBXBuildFile; fileRef = 5EA113582A3DE35D00EA4342 /* ContentView.swift */; };
		5EA1135B2A3DE35E00EA4342 /* Assets.xcassets in Resources */ = {isa = PBXBuildFile; fileRef = 5EA1135A2A3DE35E00EA4342 /* Assets.xcassets */; };
		5EA1135E2A3DE35E00EA4342 /* Preview Assets.xcassets in Resources */ = {isa = PBXBuildFile; fileRef = 5EA1135D2A3DE35E00EA4342 /* Preview Assets.xcassets */; };
		5EA1136A2A3E86AA00EA4342 /* ChargingStationModel.swift in Sources */ = {isa = PBXBuildFile; fileRef = 5EA113692A3E86AA00EA4342 /* ChargingStationModel.swift */; };
		5EA1136F2A3E8D0500EA4342 /* Constant.swift in Sources */ = {isa = PBXBuildFile; fileRef = 5EA1136E2A3E8D0500EA4342 /* Constant.swift */; };
		5EA113712A3E948800EA4342 /* SampleDataFunction.swift in Sources */ = {isa = PBXBuildFile; fileRef = 5EA113702A3E948800EA4342 /* SampleDataFunction.swift */; };
		5EA113742A3E9A4900EA4342 /* ChargeDataManager.swift in Sources */ = {isa = PBXBuildFile; fileRef = 5EA113732A3E9A4900EA4342 /* ChargeDataManager.swift */; };
		5EA1137F2A3EB73B00EA4342 /* MainView.swift in Sources */ = {isa = PBXBuildFile; fileRef = 5EA1137E2A3EB73B00EA4342 /* MainView.swift */; };
		5EA113812A3EB76900EA4342 /* MapView.swift in Sources */ = {isa = PBXBuildFile; fileRef = 5EA113802A3EB76900EA4342 /* MapView.swift */; };
		5EA113832A3EB7A500EA4342 /* GuideLineView.swift in Sources */ = {isa = PBXBuildFile; fileRef = 5EA113822A3EB7A500EA4342 /* GuideLineView.swift */; };
/* End PBXBuildFile section */

/* Begin PBXFileReference section */
		5EA113532A3DE35D00EA4342 /* API_Practice.app */ = {isa = PBXFileReference; explicitFileType = wrapper.application; includeInIndex = 0; path = API_Practice.app; sourceTree = BUILT_PRODUCTS_DIR; };
		5EA113562A3DE35D00EA4342 /* API_PracticeApp.swift */ = {isa = PBXFileReference; lastKnownFileType = sourcecode.swift; path = API_PracticeApp.swift; sourceTree = "<group>"; };
		5EA113582A3DE35D00EA4342 /* ContentView.swift */ = {isa = PBXFileReference; lastKnownFileType = sourcecode.swift; path = ContentView.swift; sourceTree = "<group>"; };
		5EA1135A2A3DE35E00EA4342 /* Assets.xcassets */ = {isa = PBXFileReference; lastKnownFileType = folder.assetcatalog; path = Assets.xcassets; sourceTree = "<group>"; };
		5EA1135D2A3DE35E00EA4342 /* Preview Assets.xcassets */ = {isa = PBXFileReference; lastKnownFileType = folder.assetcatalog; path = "Preview Assets.xcassets"; sourceTree = "<group>"; };
		5EA113642A3E041900EA4342 /* API-Practice-Info.plist */ = {isa = PBXFileReference; lastKnownFileType = text.plist; path = "API-Practice-Info.plist"; sourceTree = SOURCE_ROOT; };
		5EA113692A3E86AA00EA4342 /* ChargingStationModel.swift */ = {isa = PBXFileReference; lastKnownFileType = sourcecode.swift; path = ChargingStationModel.swift; sourceTree = "<group>"; };
		5EA1136E2A3E8D0500EA4342 /* Constant.swift */ = {isa = PBXFileReference; lastKnownFileType = sourcecode.swift; path = Constant.swift; sourceTree = "<group>"; };
		5EA113702A3E948800EA4342 /* SampleDataFunction.swift */ = {isa = PBXFileReference; lastKnownFileType = sourcecode.swift; path = SampleDataFunction.swift; sourceTree = "<group>"; };
		5EA113732A3E9A4900EA4342 /* ChargeDataManager.swift */ = {isa = PBXFileReference; lastKnownFileType = sourcecode.swift; path = ChargeDataManager.swift; sourceTree = "<group>"; };
		5EA1137E2A3EB73B00EA4342 /* MainView.swift */ = {isa = PBXFileReference; lastKnownFileType = sourcecode.swift; path = MainView.swift; sourceTree = "<group>"; };
		5EA113802A3EB76900EA4342 /* MapView.swift */ = {isa = PBXFileReference; lastKnownFileType = sourcecode.swift; path = MapView.swift; sourceTree = "<group>"; };
		5EA113822A3EB7A500EA4342 /* GuideLineView.swift */ = {isa = PBXFileReference; lastKnownFileType = sourcecode.swift; path = GuideLineView.swift; sourceTree = "<group>"; };
/* End PBXFileReference section */

/* Begin PBXFrameworksBuildPhase section */
		5EA113502A3DE35D00EA4342 /* Frameworks */ = {
			isa = PBXFrameworksBuildPhase;
			buildActionMask = 2147483647;
			files = (
			);
			runOnlyForDeploymentPostprocessing = 0;
		};
/* End PBXFrameworksBuildPhase section */

/* Begin PBXGroup section */
		5EA1134A2A3DE35D00EA4342 = {
			isa = PBXGroup;
			children = (
				5EA113552A3DE35D00EA4342 /* API_Practice */,
				5EA113542A3DE35D00EA4342 /* Products */,
			);
			sourceTree = "<group>";
		};
		5EA113542A3DE35D00EA4342 /* Products */ = {
			isa = PBXGroup;
			children = (
				5EA113532A3DE35D00EA4342 /* API_Practice.app */,
			);
			name = Products;
			sourceTree = "<group>";
		};
		5EA113552A3DE35D00EA4342 /* API_Practice */ = {
			isa = PBXGroup;
			children = (
				5EA113652A3E864000EA4342 /* App */,
				5EA1137D2A3EB50C00EA4342 /* View */,
				5EA1136B2A3E899700EA4342 /* Network */,
				5EA113662A3E864B00EA4342 /* Model */,
				5EA113682A3E866800EA4342 /* Function */,
				5EA113672A3E865600EA4342 /* Utility */,
				5EA113642A3E041900EA4342 /* API-Practice-Info.plist */,
				5EA1135A2A3DE35E00EA4342 /* Assets.xcassets */,
				5EA1135C2A3DE35E00EA4342 /* Preview Content */,
			);
			path = API_Practice;
			sourceTree = "<group>";
		};
		5EA1135C2A3DE35E00EA4342 /* Preview Content */ = {
			isa = PBXGroup;
			children = (
				5EA1135D2A3DE35E00EA4342 /* Preview Assets.xcassets */,
			);
			path = "Preview Content";
			sourceTree = "<group>";
		};
		5EA113652A3E864000EA4342 /* App */ = {
			isa = PBXGroup;
			children = (
				5EA113562A3DE35D00EA4342 /* API_PracticeApp.swift */,
				5EA113582A3DE35D00EA4342 /* ContentView.swift */,
				5EA1137E2A3EB73B00EA4342 /* MainView.swift */,
				5EA113802A3EB76900EA4342 /* MapView.swift */,
				5EA113822A3EB7A500EA4342 /* GuideLineView.swift */,
			);
			path = App;
			sourceTree = "<group>";
		};
		5EA113662A3E864B00EA4342 /* Model */ = {
			isa = PBXGroup;
			children = (
				5EA113692A3E86AA00EA4342 /* ChargingStationModel.swift */,
			);
			path = Model;
			sourceTree = "<group>";
		};
		5EA113672A3E865600EA4342 /* Utility */ = {
			isa = PBXGroup;
			children = (
				5EA1136E2A3E8D0500EA4342 /* Constant.swift */,
			);
			path = Utility;
			sourceTree = "<group>";
		};
		5EA113682A3E866800EA4342 /* Function */ = {
			isa = PBXGroup;
			children = (
				5EA113702A3E948800EA4342 /* SampleDataFunction.swift */,
			);
			path = Function;
			sourceTree = "<group>";
		};
		5EA1136B2A3E899700EA4342 /* Network */ = {
			isa = PBXGroup;
			children = (
				5EA113722A3E9A3700EA4342 /* Data */,
			);
			path = Network;
			sourceTree = "<group>";
		};
		5EA113722A3E9A3700EA4342 /* Data */ = {
			isa = PBXGroup;
			children = (
				5EA113732A3E9A4900EA4342 /* ChargeDataManager.swift */,
			);
			path = Data;
			sourceTree = "<group>";
		};
		5EA1137D2A3EB50C00EA4342 /* View */ = {
			isa = PBXGroup;
			children = (
			);
			path = View;
			sourceTree = "<group>";
		};
/* End PBXGroup section */

/* Begin PBXNativeTarget section */
		5EA113522A3DE35D00EA4342 /* API_Practice */ = {
			isa = PBXNativeTarget;
			buildConfigurationList = 5EA113612A3DE35E00EA4342 /* Build configuration list for PBXNativeTarget "API_Practice" */;
			buildPhases = (
				5EA1134F2A3DE35D00EA4342 /* Sources */,
				5EA113502A3DE35D00EA4342 /* Frameworks */,
				5EA113512A3DE35D00EA4342 /* Resources */,
			);
			buildRules = (
			);
			dependencies = (
			);
			name = API_Practice;
			productName = API_Practice;
			productReference = 5EA113532A3DE35D00EA4342 /* API_Practice.app */;
			productType = "com.apple.product-type.application";
		};
/* End PBXNativeTarget section */

/* Begin PBXProject section */
		5EA1134B2A3DE35D00EA4342 /* Project object */ = {
			isa = PBXProject;
			attributes = {
				BuildIndependentTargetsInParallel = 1;
				LastSwiftUpdateCheck = 1430;
				LastUpgradeCheck = 1430;
				TargetAttributes = {
					5EA113522A3DE35D00EA4342 = {
						CreatedOnToolsVersion = 14.3.1;
					};
				};
			};
			buildConfigurationList = 5EA1134E2A3DE35D00EA4342 /* Build configuration list for PBXProject "API_Practice" */;
			compatibilityVersion = "Xcode 14.0";
			developmentRegion = en;
			hasScannedForEncodings = 0;
			knownRegions = (
				en,
				Base,
			);
			mainGroup = 5EA1134A2A3DE35D00EA4342;
			productRefGroup = 5EA113542A3DE35D00EA4342 /* Products */;
			projectDirPath = "";
			projectRoot = "";
			targets = (
				5EA113522A3DE35D00EA4342 /* API_Practice */,
			);
		};
/* End PBXProject section */

/* Begin PBXResourcesBuildPhase section */
		5EA113512A3DE35D00EA4342 /* Resources */ = {
			isa = PBXResourcesBuildPhase;
			buildActionMask = 2147483647;
			files = (
				5EA1135E2A3DE35E00EA4342 /* Preview Assets.xcassets in Resources */,
				5EA1135B2A3DE35E00EA4342 /* Assets.xcassets in Resources */,
			);
			runOnlyForDeploymentPostprocessing = 0;
		};
/* End PBXResourcesBuildPhase section */

/* Begin PBXSourcesBuildPhase section */
		5EA1134F2A3DE35D00EA4342 /* Sources */ = {
			isa = PBXSourcesBuildPhase;
			buildActionMask = 2147483647;
			files = (
				5EA113592A3DE35D00EA4342 /* ContentView.swift in Sources */,
				5EA113812A3EB76900EA4342 /* MapView.swift in Sources */,
				5EA1137F2A3EB73B00EA4342 /* MainView.swift in Sources */,
				5EA1136F2A3E8D0500EA4342 /* Constant.swift in Sources */,
				5EA113712A3E948800EA4342 /* SampleDataFunction.swift in Sources */,
				5EA113572A3DE35D00EA4342 /* API_PracticeApp.swift in Sources */,
				5EA1136A2A3E86AA00EA4342 /* ChargingStationModel.swift in Sources */,
				5EA113742A3E9A4900EA4342 /* ChargeDataManager.swift in Sources */,
				5EA113832A3EB7A500EA4342 /* GuideLineView.swift in Sources */,
			);
			runOnlyForDeploymentPostprocessing = 0;
		};
/* End PBXSourcesBuildPhase section */

/* Begin XCBuildConfiguration section */
		5EA1135F2A3DE35E00EA4342 /* Debug */ = {
			isa = XCBuildConfiguration;
			buildSettings = {
				ALWAYS_SEARCH_USER_PATHS = NO;
				CLANG_ANALYZER_NONNULL = YES;
				CLANG_ANALYZER_NUMBER_OBJECT_CONVERSION = YES_AGGRESSIVE;
				CLANG_CXX_LANGUAGE_STANDARD = "gnu++20";
				CLANG_ENABLE_MODULES = YES;
				CLANG_ENABLE_OBJC_ARC = YES;
				CLANG_ENABLE_OBJC_WEAK = YES;
				CLANG_WARN_BLOCK_CAPTURE_AUTORELEASING = YES;
				CLANG_WARN_BOOL_CONVERSION = YES;
				CLANG_WARN_COMMA = YES;
				CLANG_WARN_CONSTANT_CONVERSION = YES;
				CLANG_WARN_DEPRECATED_OBJC_IMPLEMENTATIONS = YES;
				CLANG_WARN_DIRECT_OBJC_ISA_USAGE = YES_ERROR;
				CLANG_WARN_DOCUMENTATION_COMMENTS = YES;
				CLANG_WARN_EMPTY_BODY = YES;
				CLANG_WARN_ENUM_CONVERSION = YES;
				CLANG_WARN_INFINITE_RECURSION = YES;
				CLANG_WARN_INT_CONVERSION = YES;
				CLANG_WARN_NON_LITERAL_NULL_CONVERSION = YES;
				CLANG_WARN_OBJC_IMPLICIT_RETAIN_SELF = YES;
				CLANG_WARN_OBJC_LITERAL_CONVERSION = YES;
				CLANG_WARN_OBJC_ROOT_CLASS = YES_ERROR;
				CLANG_WARN_QUOTED_INCLUDE_IN_FRAMEWORK_HEADER = YES;
				CLANG_WARN_RANGE_LOOP_ANALYSIS = YES;
				CLANG_WARN_STRICT_PROTOTYPES = YES;
				CLANG_WARN_SUSPICIOUS_MOVE = YES;
				CLANG_WARN_UNGUARDED_AVAILABILITY = YES_AGGRESSIVE;
				CLANG_WARN_UNREACHABLE_CODE = YES;
				CLANG_WARN__DUPLICATE_METHOD_MATCH = YES;
				COPY_PHASE_STRIP = NO;
				DEBUG_INFORMATION_FORMAT = dwarf;
				ENABLE_STRICT_OBJC_MSGSEND = YES;
				ENABLE_TESTABILITY = YES;
				GCC_C_LANGUAGE_STANDARD = gnu11;
				GCC_DYNAMIC_NO_PIC = NO;
				GCC_NO_COMMON_BLOCKS = YES;
				GCC_OPTIMIZATION_LEVEL = 0;
				GCC_PREPROCESSOR_DEFINITIONS = (
					"DEBUG=1",
					"$(inherited)",
				);
				GCC_WARN_64_TO_32_BIT_CONVERSION = YES;
				GCC_WARN_ABOUT_RETURN_TYPE = YES_ERROR;
				GCC_WARN_UNDECLARED_SELECTOR = YES;
				GCC_WARN_UNINITIALIZED_AUTOS = YES_AGGRESSIVE;
				GCC_WARN_UNUSED_FUNCTION = YES;
				GCC_WARN_UNUSED_VARIABLE = YES;
				IPHONEOS_DEPLOYMENT_TARGET = 16.4;
				MTL_ENABLE_DEBUG_INFO = INCLUDE_SOURCE;
				MTL_FAST_MATH = YES;
				ONLY_ACTIVE_ARCH = YES;
				SDKROOT = iphoneos;
				SWIFT_ACTIVE_COMPILATION_CONDITIONS = DEBUG;
				SWIFT_OPTIMIZATION_LEVEL = "-Onone";
			};
			name = Debug;
		};
		5EA113602A3DE35E00EA4342 /* Release */ = {
			isa = XCBuildConfiguration;
			buildSettings = {
				ALWAYS_SEARCH_USER_PATHS = NO;
				CLANG_ANALYZER_NONNULL = YES;
				CLANG_ANALYZER_NUMBER_OBJECT_CONVERSION = YES_AGGRESSIVE;
				CLANG_CXX_LANGUAGE_STANDARD = "gnu++20";
				CLANG_ENABLE_MODULES = YES;
				CLANG_ENABLE_OBJC_ARC = YES;
				CLANG_ENABLE_OBJC_WEAK = YES;
				CLANG_WARN_BLOCK_CAPTURE_AUTORELEASING = YES;
				CLANG_WARN_BOOL_CONVERSION = YES;
				CLANG_WARN_COMMA = YES;
				CLANG_WARN_CONSTANT_CONVERSION = YES;
				CLANG_WARN_DEPRECATED_OBJC_IMPLEMENTATIONS = YES;
				CLANG_WARN_DIRECT_OBJC_ISA_USAGE = YES_ERROR;
				CLANG_WARN_DOCUMENTATION_COMMENTS = YES;
				CLANG_WARN_EMPTY_BODY = YES;
				CLANG_WARN_ENUM_CONVERSION = YES;
				CLANG_WARN_INFINITE_RECURSION = YES;
				CLANG_WARN_INT_CONVERSION = YES;
				CLANG_WARN_NON_LITERAL_NULL_CONVERSION = YES;
				CLANG_WARN_OBJC_IMPLICIT_RETAIN_SELF = YES;
				CLANG_WARN_OBJC_LITERAL_CONVERSION = YES;
				CLANG_WARN_OBJC_ROOT_CLASS = YES_ERROR;
				CLANG_WARN_QUOTED_INCLUDE_IN_FRAMEWORK_HEADER = YES;
				CLANG_WARN_RANGE_LOOP_ANALYSIS = YES;
				CLANG_WARN_STRICT_PROTOTYPES = YES;
				CLANG_WARN_SUSPICIOUS_MOVE = YES;
				CLANG_WARN_UNGUARDED_AVAILABILITY = YES_AGGRESSIVE;
				CLANG_WARN_UNREACHABLE_CODE = YES;
				CLANG_WARN__DUPLICATE_METHOD_MATCH = YES;
				COPY_PHASE_STRIP = NO;
				DEBUG_INFORMATION_FORMAT = "dwarf-with-dsym";
				ENABLE_NS_ASSERTIONS = NO;
				ENABLE_STRICT_OBJC_MSGSEND = YES;
				GCC_C_LANGUAGE_STANDARD = gnu11;
				GCC_NO_COMMON_BLOCKS = YES;
				GCC_WARN_64_TO_32_BIT_CONVERSION = YES;
				GCC_WARN_ABOUT_RETURN_TYPE = YES_ERROR;
				GCC_WARN_UNDECLARED_SELECTOR = YES;
				GCC_WARN_UNINITIALIZED_AUTOS = YES_AGGRESSIVE;
				GCC_WARN_UNUSED_FUNCTION = YES;
				GCC_WARN_UNUSED_VARIABLE = YES;
				IPHONEOS_DEPLOYMENT_TARGET = 16.4;
				MTL_ENABLE_DEBUG_INFO = NO;
				MTL_FAST_MATH = YES;
				SDKROOT = iphoneos;
				SWIFT_COMPILATION_MODE = wholemodule;
				SWIFT_OPTIMIZATION_LEVEL = "-O";
				VALIDATE_PRODUCT = YES;
			};
			name = Release;
		};
		5EA113622A3DE35E00EA4342 /* Debug */ = {
			isa = XCBuildConfiguration;
			buildSettings = {
				ASSETCATALOG_COMPILER_APPICON_NAME = AppIcon;
				ASSETCATALOG_COMPILER_GLOBAL_ACCENT_COLOR_NAME = AccentColor;
				CODE_SIGN_STYLE = Automatic;
				CURRENT_PROJECT_VERSION = 1;
				DEVELOPMENT_ASSET_PATHS = "\"API_Practice/Preview Content\"";
				DEVELOPMENT_TEAM = C3U3CZ666D;
				ENABLE_PREVIEWS = YES;
				GENERATE_INFOPLIST_FILE = YES;
				INFOPLIST_FILE = "API-Practice-Info.plist";
				INFOPLIST_KEY_UIApplicationSceneManifest_Generation = YES;
				INFOPLIST_KEY_UIApplicationSupportsIndirectInputEvents = YES;
				INFOPLIST_KEY_UILaunchScreen_Generation = YES;
				INFOPLIST_KEY_UISupportedInterfaceOrientations_iPad = "UIInterfaceOrientationPortrait UIInterfaceOrientationPortraitUpsideDown UIInterfaceOrientationLandscapeLeft UIInterfaceOrientationLandscapeRight";
				INFOPLIST_KEY_UISupportedInterfaceOrientations_iPhone = "UIInterfaceOrientationPortrait UIInterfaceOrientationLandscapeLeft UIInterfaceOrientationLandscapeRight";
				LD_RUNPATH_SEARCH_PATHS = (
					"$(inherited)",
					"@executable_path/Frameworks",
				);
				MARKETING_VERSION = 1.0;
				PRODUCT_BUNDLE_IDENTIFIER = "com.sangyong.API-Practice";
				PRODUCT_NAME = "$(TARGET_NAME)";
				SWIFT_EMIT_LOC_STRINGS = YES;
				SWIFT_VERSION = 5.0;
				TARGETED_DEVICE_FAMILY = "1,2";
			};
			name = Debug;
		};
		5EA113632A3DE35E00EA4342 /* Release */ = {
			isa = XCBuildConfiguration;
			buildSettings = {
				ASSETCATALOG_COMPILER_APPICON_NAME = AppIcon;
				ASSETCATALOG_COMPILER_GLOBAL_ACCENT_COLOR_NAME = AccentColor;
				CODE_SIGN_STYLE = Automatic;
				CURRENT_PROJECT_VERSION = 1;
				DEVELOPMENT_ASSET_PATHS = "\"API_Practice/Preview Content\"";
				DEVELOPMENT_TEAM = C3U3CZ666D;
				ENABLE_PREVIEWS = YES;
				GENERATE_INFOPLIST_FILE = YES;
				INFOPLIST_FILE = "API-Practice-Info.plist";
				INFOPLIST_KEY_UIApplicationSceneManifest_Generation = YES;
				INFOPLIST_KEY_UIApplicationSupportsIndirectInputEvents = YES;
				INFOPLIST_KEY_UILaunchScreen_Generation = YES;
				INFOPLIST_KEY_UISupportedInterfaceOrientations_iPad = "UIInterfaceOrientationPortrait UIInterfaceOrientationPortraitUpsideDown UIInterfaceOrientationLandscapeLeft UIInterfaceOrientationLandscapeRight";
				INFOPLIST_KEY_UISupportedInterfaceOrientations_iPhone = "UIInterfaceOrientationPortrait UIInterfaceOrientationLandscapeLeft UIInterfaceOrientationLandscapeRight";
				LD_RUNPATH_SEARCH_PATHS = (
					"$(inherited)",
					"@executable_path/Frameworks",
				);
				MARKETING_VERSION = 1.0;
				PRODUCT_BUNDLE_IDENTIFIER = "com.sangyong.API-Practice";
				PRODUCT_NAME = "$(TARGET_NAME)";
				SWIFT_EMIT_LOC_STRINGS = YES;
				SWIFT_VERSION = 5.0;
				TARGETED_DEVICE_FAMILY = "1,2";
			};
			name = Release;
		};
/* End XCBuildConfiguration section */

/* Begin XCConfigurationList section */
		5EA1134E2A3DE35D00EA4342 /* Build configuration list for PBXProject "API_Practice" */ = {
			isa = XCConfigurationList;
			buildConfigurations = (
				5EA1135F2A3DE35E00EA4342 /* Debug */,
				5EA113602A3DE35E00EA4342 /* Release */,
			);
			defaultConfigurationIsVisible = 0;
			defaultConfigurationName = Release;
		};
		5EA113612A3DE35E00EA4342 /* Build configuration list for PBXNativeTarget "API_Practice" */ = {
			isa = XCConfigurationList;
			buildConfigurations = (
				5EA113622A3DE35E00EA4342 /* Debug */,
				5EA113632A3DE35E00EA4342 /* Release */,
			);
			defaultConfigurationIsVisible = 0;
			defaultConfigurationName = Release;
		};
/* End XCConfigurationList section */
	};
	rootObject = 5EA1134B2A3DE35D00EA4342 /* Project object */;
}
