// !$*UTF8*$!
{
	archiveVersion = 1;
	classes = {
	};
	objectVersion = 56;
	objects = {

/* Begin PBXBuildFile section */
		5E12B9AF2A2C459500877266 /* AnimalDetailView.swift in Sources */ = {isa = PBXBuildFile; fileRef = 5E12B9AE2A2C459500877266 /* AnimalDetailView.swift */; };
		5E12B9B12A2C481D00877266 /* HeadingView.swift in Sources */ = {isa = PBXBuildFile; fileRef = 5E12B9B02A2C481D00877266 /* HeadingView.swift */; };
		5E12B9B32A2C490800877266 /* InsertGalleryView.swift in Sources */ = {isa = PBXBuildFile; fileRef = 5E12B9B22A2C490800877266 /* InsertGalleryView.swift */; };
		5E12B9B52A2C4D4400877266 /* InsertFactView.swift in Sources */ = {isa = PBXBuildFile; fileRef = 5E12B9B42A2C4D4400877266 /* InsertFactView.swift */; };
		5E12B9B72A2C51D800877266 /* InsertMapView.swift in Sources */ = {isa = PBXBuildFile; fileRef = 5E12B9B62A2C51D800877266 /* InsertMapView.swift */; };
		5E12B9B92A2C9B4D00877266 /* ExternalWeblinkView.swift in Sources */ = {isa = PBXBuildFile; fileRef = 5E12B9B82A2C9B4D00877266 /* ExternalWeblinkView.swift */; };
		5E12B9BB2A2CC90500877266 /* VideoModel.swift in Sources */ = {isa = PBXBuildFile; fileRef = 5E12B9BA2A2CC90500877266 /* VideoModel.swift */; };
		5E12B9BD2A2CD09800877266 /* VideoListItemView.swift in Sources */ = {isa = PBXBuildFile; fileRef = 5E12B9BC2A2CD09800877266 /* VideoListItemView.swift */; };
		5E12B9BF2A2D758F00877266 /* VideoPlayerView.swift in Sources */ = {isa = PBXBuildFile; fileRef = 5E12B9BE2A2D758F00877266 /* VideoPlayerView.swift */; };
		5E12B9C22A2D770D00877266 /* VideoPlayerHelper.swift in Sources */ = {isa = PBXBuildFile; fileRef = 5E12B9C12A2D770D00877266 /* VideoPlayerHelper.swift */; };
		5E12B9C42A2D849100877266 /* LocationModel.swift in Sources */ = {isa = PBXBuildFile; fileRef = 5E12B9C32A2D849100877266 /* LocationModel.swift */; };
		5E12B9C62A2DAF4800877266 /* MapAnnotationView.swift in Sources */ = {isa = PBXBuildFile; fileRef = 5E12B9C52A2DAF4800877266 /* MapAnnotationView.swift */; };
		5E12B9C82A2DBD2F00877266 /* MotionAnimationView.swift in Sources */ = {isa = PBXBuildFile; fileRef = 5E12B9C72A2DBD2F00877266 /* MotionAnimationView.swift */; };
		5E1C6AB72A2EEEDE008EA463 /* AnimalGridItemView.swift in Sources */ = {isa = PBXBuildFile; fileRef = 5E1C6AB62A2EEEDE008EA463 /* AnimalGridItemView.swift */; };
		5E65EFFB2A2C229800FD2851 /* AfricaApp.swift in Sources */ = {isa = PBXBuildFile; fileRef = 5E65EFFA2A2C229800FD2851 /* AfricaApp.swift */; };
		5E65EFFD2A2C229800FD2851 /* ContentView.swift in Sources */ = {isa = PBXBuildFile; fileRef = 5E65EFFC2A2C229800FD2851 /* ContentView.swift */; };
		5E65F0022A2C229900FD2851 /* Preview Assets.xcassets in Resources */ = {isa = PBXBuildFile; fileRef = 5E65F0012A2C229900FD2851 /* Preview Assets.xcassets */; };
		5E65F0132A2C246300FD2851 /* cheetah.mp4 in Resources */ = {isa = PBXBuildFile; fileRef = 5E65F0092A2C246300FD2851 /* cheetah.mp4 */; };
		5E65F0142A2C246300FD2851 /* elephant.mp4 in Resources */ = {isa = PBXBuildFile; fileRef = 5E65F00A2A2C246300FD2851 /* elephant.mp4 */; };
		5E65F0152A2C246300FD2851 /* zebra.mp4 in Resources */ = {isa = PBXBuildFile; fileRef = 5E65F00B2A2C246300FD2851 /* zebra.mp4 */; };
		5E65F0162A2C246300FD2851 /* lion.mp4 in Resources */ = {isa = PBXBuildFile; fileRef = 5E65F00C2A2C246300FD2851 /* lion.mp4 */; };
		5E65F0172A2C246300FD2851 /* lioness.mp4 in Resources */ = {isa = PBXBuildFile; fileRef = 5E65F00D2A2C246300FD2851 /* lioness.mp4 */; };
		5E65F0182A2C246300FD2851 /* gorilla.mp4 in Resources */ = {isa = PBXBuildFile; fileRef = 5E65F00E2A2C246300FD2851 /* gorilla.mp4 */; };
		5E65F0192A2C246300FD2851 /* hippo.mp4 in Resources */ = {isa = PBXBuildFile; fileRef = 5E65F00F2A2C246300FD2851 /* hippo.mp4 */; };
		5E65F01A2A2C246300FD2851 /* ostrich.mp4 in Resources */ = {isa = PBXBuildFile; fileRef = 5E65F0102A2C246300FD2851 /* ostrich.mp4 */; };
		5E65F01B2A2C246300FD2851 /* rhino.mp4 in Resources */ = {isa = PBXBuildFile; fileRef = 5E65F0112A2C246300FD2851 /* rhino.mp4 */; };
		5E65F01C2A2C246300FD2851 /* giraffe.mp4 in Resources */ = {isa = PBXBuildFile; fileRef = 5E65F0122A2C246300FD2851 /* giraffe.mp4 */; };
		5E65F0222A2C254900FD2851 /* covers.json in Resources */ = {isa = PBXBuildFile; fileRef = 5E65F01E2A2C254900FD2851 /* covers.json */; };
		5E65F0232A2C254900FD2851 /* animals.json in Resources */ = {isa = PBXBuildFile; fileRef = 5E65F01F2A2C254900FD2851 /* animals.json */; };
		5E65F0242A2C254900FD2851 /* locations.json in Resources */ = {isa = PBXBuildFile; fileRef = 5E65F0202A2C254900FD2851 /* locations.json */; };
		5E65F0252A2C254900FD2851 /* videos.json in Resources */ = {isa = PBXBuildFile; fileRef = 5E65F0212A2C254900FD2851 /* videos.json */; };
		5E65F0292A2C281000FD2851 /* VideoListView.swift in Sources */ = {isa = PBXBuildFile; fileRef = 5E65F0282A2C281000FD2851 /* VideoListView.swift */; };
		5E65F02B2A2C282600FD2851 /* MapView.swift in Sources */ = {isa = PBXBuildFile; fileRef = 5E65F02A2A2C282600FD2851 /* MapView.swift */; };
		5E65F02D2A2C285200FD2851 /* GalleryView.swift in Sources */ = {isa = PBXBuildFile; fileRef = 5E65F02C2A2C285200FD2851 /* GalleryView.swift */; };
		5E65F02F2A2C285E00FD2851 /* MainView.swift in Sources */ = {isa = PBXBuildFile; fileRef = 5E65F02E2A2C285E00FD2851 /* MainView.swift */; };
		5E65F0322A2C2DB900FD2851 /* CoverImageView.swift in Sources */ = {isa = PBXBuildFile; fileRef = 5E65F0312A2C2DB900FD2851 /* CoverImageView.swift */; };
		5E65F0382A2C2EAA00FD2851 /* Assets.xcassets in Resources */ = {isa = PBXBuildFile; fileRef = 5E65F0372A2C2EAA00FD2851 /* Assets.xcassets */; };
		5E65F03B2A2C37DE00FD2851 /* CoverImageModel.swift in Sources */ = {isa = PBXBuildFile; fileRef = 5E65F03A2A2C37DE00FD2851 /* CoverImageModel.swift */; };
		5E65F03E2A2C38E400FD2851 /* CodableBundleExtension.swift in Sources */ = {isa = PBXBuildFile; fileRef = 5E65F03D2A2C38E400FD2851 /* CodableBundleExtension.swift */; };
		5E65F0402A2C3E8500FD2851 /* AnimalListItemView.swift in Sources */ = {isa = PBXBuildFile; fileRef = 5E65F03F2A2C3E8500FD2851 /* AnimalListItemView.swift */; };
		5E65F0422A2C40BB00FD2851 /* AnimalModel.swift in Sources */ = {isa = PBXBuildFile; fileRef = 5E65F0412A2C40BB00FD2851 /* AnimalModel.swift */; };
		5EA723442A316C7C005C1D4E /* Stickers.xcassets in Resources */ = {isa = PBXBuildFile; fileRef = 5EA723432A316C7C005C1D4E /* Stickers.xcassets */; };
		5EA723482A316C7C005C1D4E /* Stickers.appex in Embed Foundation Extensions */ = {isa = PBXBuildFile; fileRef = 5EA723412A316C7B005C1D4E /* Stickers.appex */; settings = {ATTRIBUTES = (RemoveHeadersOnCopy, ); }; };
		5EA723502A316EDD005C1D4E /* CreditsView.swift in Sources */ = {isa = PBXBuildFile; fileRef = 5EA7234F2A316EDD005C1D4E /* CreditsView.swift */; };
		5EA723532A31EB5F005C1D4E /* CenterModifier.swift in Sources */ = {isa = PBXBuildFile; fileRef = 5EA723522A31EB5F005C1D4E /* CenterModifier.swift */; };
/* End PBXBuildFile section */

/* Begin PBXContainerItemProxy section */
		5EA723462A316C7C005C1D4E /* PBXContainerItemProxy */ = {
			isa = PBXContainerItemProxy;
			containerPortal = 5E65EFEF2A2C229800FD2851 /* Project object */;
			proxyType = 1;
			remoteGlobalIDString = 5EA723402A316C7B005C1D4E;
			remoteInfo = Stickers;
		};
/* End PBXContainerItemProxy section */

/* Begin PBXCopyFilesBuildPhase section */
		5EA723492A316C7C005C1D4E /* Embed Foundation Extensions */ = {
			isa = PBXCopyFilesBuildPhase;
			buildActionMask = 2147483647;
			dstPath = "";
			dstSubfolderSpec = 13;
			files = (
				5EA723482A316C7C005C1D4E /* Stickers.appex in Embed Foundation Extensions */,
			);
			name = "Embed Foundation Extensions";
			runOnlyForDeploymentPostprocessing = 0;
		};
/* End PBXCopyFilesBuildPhase section */

/* Begin PBXFileReference section */
		5E12B9AE2A2C459500877266 /* AnimalDetailView.swift */ = {isa = PBXFileReference; lastKnownFileType = sourcecode.swift; path = AnimalDetailView.swift; sourceTree = "<group>"; };
		5E12B9B02A2C481D00877266 /* HeadingView.swift */ = {isa = PBXFileReference; lastKnownFileType = sourcecode.swift; path = HeadingView.swift; sourceTree = "<group>"; };
		5E12B9B22A2C490800877266 /* InsertGalleryView.swift */ = {isa = PBXFileReference; lastKnownFileType = sourcecode.swift; path = InsertGalleryView.swift; sourceTree = "<group>"; };
		5E12B9B42A2C4D4400877266 /* InsertFactView.swift */ = {isa = PBXFileReference; lastKnownFileType = sourcecode.swift; path = InsertFactView.swift; sourceTree = "<group>"; };
		5E12B9B62A2C51D800877266 /* InsertMapView.swift */ = {isa = PBXFileReference; lastKnownFileType = sourcecode.swift; path = InsertMapView.swift; sourceTree = "<group>"; };
		5E12B9B82A2C9B4D00877266 /* ExternalWeblinkView.swift */ = {isa = PBXFileReference; lastKnownFileType = sourcecode.swift; path = ExternalWeblinkView.swift; sourceTree = "<group>"; };
		5E12B9BA2A2CC90500877266 /* VideoModel.swift */ = {isa = PBXFileReference; lastKnownFileType = sourcecode.swift; path = VideoModel.swift; sourceTree = "<group>"; };
		5E12B9BC2A2CD09800877266 /* VideoListItemView.swift */ = {isa = PBXFileReference; lastKnownFileType = sourcecode.swift; path = VideoListItemView.swift; sourceTree = "<group>"; };
		5E12B9BE2A2D758F00877266 /* VideoPlayerView.swift */ = {isa = PBXFileReference; lastKnownFileType = sourcecode.swift; path = VideoPlayerView.swift; sourceTree = "<group>"; };
		5E12B9C12A2D770D00877266 /* VideoPlayerHelper.swift */ = {isa = PBXFileReference; lastKnownFileType = sourcecode.swift; path = VideoPlayerHelper.swift; sourceTree = "<group>"; };
		5E12B9C32A2D849100877266 /* LocationModel.swift */ = {isa = PBXFileReference; lastKnownFileType = sourcecode.swift; path = LocationModel.swift; sourceTree = "<group>"; };
		5E12B9C52A2DAF4800877266 /* MapAnnotationView.swift */ = {isa = PBXFileReference; lastKnownFileType = sourcecode.swift; path = MapAnnotationView.swift; sourceTree = "<group>"; };
		5E12B9C72A2DBD2F00877266 /* MotionAnimationView.swift */ = {isa = PBXFileReference; lastKnownFileType = sourcecode.swift; path = MotionAnimationView.swift; sourceTree = "<group>"; };
		5E1C6AB62A2EEEDE008EA463 /* AnimalGridItemView.swift */ = {isa = PBXFileReference; lastKnownFileType = sourcecode.swift; path = AnimalGridItemView.swift; sourceTree = "<group>"; };
		5E65EFF72A2C229800FD2851 /* Africa.app */ = {isa = PBXFileReference; explicitFileType = wrapper.application; includeInIndex = 0; path = Africa.app; sourceTree = BUILT_PRODUCTS_DIR; };
		5E65EFFA2A2C229800FD2851 /* AfricaApp.swift */ = {isa = PBXFileReference; lastKnownFileType = sourcecode.swift; path = AfricaApp.swift; sourceTree = "<group>"; };
		5E65EFFC2A2C229800FD2851 /* ContentView.swift */ = {isa = PBXFileReference; lastKnownFileType = sourcecode.swift; path = ContentView.swift; sourceTree = "<group>"; };
		5E65F0012A2C229900FD2851 /* Preview Assets.xcassets */ = {isa = PBXFileReference; lastKnownFileType = folder.assetcatalog; path = "Preview Assets.xcassets"; sourceTree = "<group>"; };
		5E65F0092A2C246300FD2851 /* cheetah.mp4 */ = {isa = PBXFileReference; lastKnownFileType = file; name = cheetah.mp4; path = ../../../../Resources/video/cheetah.mp4; sourceTree = "<group>"; };
		5E65F00A2A2C246300FD2851 /* elephant.mp4 */ = {isa = PBXFileReference; lastKnownFileType = file; name = elephant.mp4; path = ../../../../Resources/video/elephant.mp4; sourceTree = "<group>"; };
		5E65F00B2A2C246300FD2851 /* zebra.mp4 */ = {isa = PBXFileReference; lastKnownFileType = file; name = zebra.mp4; path = ../../../../Resources/video/zebra.mp4; sourceTree = "<group>"; };
		5E65F00C2A2C246300FD2851 /* lion.mp4 */ = {isa = PBXFileReference; lastKnownFileType = file; name = lion.mp4; path = ../../../../Resources/video/lion.mp4; sourceTree = "<group>"; };
		5E65F00D2A2C246300FD2851 /* lioness.mp4 */ = {isa = PBXFileReference; lastKnownFileType = file; name = lioness.mp4; path = ../../../../Resources/video/lioness.mp4; sourceTree = "<group>"; };
		5E65F00E2A2C246300FD2851 /* gorilla.mp4 */ = {isa = PBXFileReference; lastKnownFileType = file; name = gorilla.mp4; path = ../../../../Resources/video/gorilla.mp4; sourceTree = "<group>"; };
		5E65F00F2A2C246300FD2851 /* hippo.mp4 */ = {isa = PBXFileReference; lastKnownFileType = file; name = hippo.mp4; path = ../../../../Resources/video/hippo.mp4; sourceTree = "<group>"; };
		5E65F0102A2C246300FD2851 /* ostrich.mp4 */ = {isa = PBXFileReference; lastKnownFileType = file; name = ostrich.mp4; path = ../../../../Resources/video/ostrich.mp4; sourceTree = "<group>"; };
		5E65F0112A2C246300FD2851 /* rhino.mp4 */ = {isa = PBXFileReference; lastKnownFileType = file; name = rhino.mp4; path = ../../../../Resources/video/rhino.mp4; sourceTree = "<group>"; };
		5E65F0122A2C246300FD2851 /* giraffe.mp4 */ = {isa = PBXFileReference; lastKnownFileType = file; name = giraffe.mp4; path = ../../../../Resources/video/giraffe.mp4; sourceTree = "<group>"; };
		5E65F01E2A2C254900FD2851 /* covers.json */ = {isa = PBXFileReference; fileEncoding = 4; lastKnownFileType = text.json; name = covers.json; path = ../../../../Resources/data/covers.json; sourceTree = "<group>"; };
		5E65F01F2A2C254900FD2851 /* animals.json */ = {isa = PBXFileReference; fileEncoding = 4; lastKnownFileType = text.json; name = animals.json; path = ../../../../Resources/data/animals.json; sourceTree = "<group>"; };
		5E65F0202A2C254900FD2851 /* locations.json */ = {isa = PBXFileReference; fileEncoding = 4; lastKnownFileType = text.json; name = locations.json; path = ../../../../Resources/data/locations.json; sourceTree = "<group>"; };
		5E65F0212A2C254900FD2851 /* videos.json */ = {isa = PBXFileReference; fileEncoding = 4; lastKnownFileType = text.json; name = videos.json; path = ../../../../Resources/data/videos.json; sourceTree = "<group>"; };
		5E65F0262A2C267B00FD2851 /* Info.plist */ = {isa = PBXFileReference; lastKnownFileType = text.plist; path = Info.plist; sourceTree = "<group>"; };
		5E65F0282A2C281000FD2851 /* VideoListView.swift */ = {isa = PBXFileReference; lastKnownFileType = sourcecode.swift; path = VideoListView.swift; sourceTree = "<group>"; };
		5E65F02A2A2C282600FD2851 /* MapView.swift */ = {isa = PBXFileReference; lastKnownFileType = sourcecode.swift; path = MapView.swift; sourceTree = "<group>"; };
		5E65F02C2A2C285200FD2851 /* GalleryView.swift */ = {isa = PBXFileReference; lastKnownFileType = sourcecode.swift; path = GalleryView.swift; sourceTree = "<group>"; };
		5E65F02E2A2C285E00FD2851 /* MainView.swift */ = {isa = PBXFileReference; lastKnownFileType = sourcecode.swift; path = MainView.swift; sourceTree = "<group>"; };
		5E65F0312A2C2DB900FD2851 /* CoverImageView.swift */ = {isa = PBXFileReference; lastKnownFileType = sourcecode.swift; path = CoverImageView.swift; sourceTree = "<group>"; };
		5E65F0372A2C2EAA00FD2851 /* Assets.xcassets */ = {isa = PBXFileReference; lastKnownFileType = folder.assetcatalog; path = Assets.xcassets; sourceTree = "<group>"; };
		5E65F03A2A2C37DE00FD2851 /* CoverImageModel.swift */ = {isa = PBXFileReference; lastKnownFileType = sourcecode.swift; path = CoverImageModel.swift; sourceTree = "<group>"; };
		5E65F03D2A2C38E400FD2851 /* CodableBundleExtension.swift */ = {isa = PBXFileReference; lastKnownFileType = sourcecode.swift; path = CodableBundleExtension.swift; sourceTree = "<group>"; };
		5E65F03F2A2C3E8500FD2851 /* AnimalListItemView.swift */ = {isa = PBXFileReference; lastKnownFileType = sourcecode.swift; path = AnimalListItemView.swift; sourceTree = "<group>"; };
		5E65F0412A2C40BB00FD2851 /* AnimalModel.swift */ = {isa = PBXFileReference; lastKnownFileType = sourcecode.swift; path = AnimalModel.swift; sourceTree = "<group>"; };
		5EA723412A316C7B005C1D4E /* Stickers.appex */ = {isa = PBXFileReference; explicitFileType = "wrapper.app-extension"; includeInIndex = 0; path = Stickers.appex; sourceTree = BUILT_PRODUCTS_DIR; };
		5EA723432A316C7C005C1D4E /* Stickers.xcassets */ = {isa = PBXFileReference; lastKnownFileType = folder.assetcatalog; path = Stickers.xcassets; sourceTree = "<group>"; };
		5EA723452A316C7C005C1D4E /* Info.plist */ = {isa = PBXFileReference; lastKnownFileType = text.plist.xml; path = Info.plist; sourceTree = "<group>"; };
		5EA7234F2A316EDD005C1D4E /* CreditsView.swift */ = {isa = PBXFileReference; lastKnownFileType = sourcecode.swift; path = CreditsView.swift; sourceTree = "<group>"; };
		5EA723522A31EB5F005C1D4E /* CenterModifier.swift */ = {isa = PBXFileReference; lastKnownFileType = sourcecode.swift; path = CenterModifier.swift; sourceTree = "<group>"; };
/* End PBXFileReference section */

/* Begin PBXFrameworksBuildPhase section */
		5E65EFF42A2C229800FD2851 /* Frameworks */ = {
			isa = PBXFrameworksBuildPhase;
			buildActionMask = 2147483647;
			files = (
			);
			runOnlyForDeploymentPostprocessing = 0;
		};
/* End PBXFrameworksBuildPhase section */

/* Begin PBXGroup section */
		5E12B9C02A2D76E800877266 /* Helper */ = {
			isa = PBXGroup;
			children = (
				5E12B9C12A2D770D00877266 /* VideoPlayerHelper.swift */,
			);
			path = Helper;
			sourceTree = "<group>";
		};
		5E65EFEE2A2C229800FD2851 = {
			isa = PBXGroup;
			children = (
				5E65EFF92A2C229800FD2851 /* Africa */,
				5EA723422A316C7B005C1D4E /* Stickers */,
				5E65EFF82A2C229800FD2851 /* Products */,
			);
			sourceTree = "<group>";
		};
		5E65EFF82A2C229800FD2851 /* Products */ = {
			isa = PBXGroup;
			children = (
				5E65EFF72A2C229800FD2851 /* Africa.app */,
				5EA723412A316C7B005C1D4E /* Stickers.appex */,
			);
			name = Products;
			sourceTree = "<group>";
		};
		5E65EFF92A2C229800FD2851 /* Africa */ = {
			isa = PBXGroup;
			children = (
				5EA723512A31EB4B005C1D4E /* Modifier */,
				5E12B9C02A2D76E800877266 /* Helper */,
				5E65F03C2A2C38D300FD2851 /* Extension */,
				5E65F0392A2C37C700FD2851 /* Model */,
				5E65F0302A2C2DAC00FD2851 /* View */,
				5E65F0272A2C275600FD2851 /* App */,
				5E65F01D2A2C251C00FD2851 /* Data */,
				5E65F0082A2C242F00FD2851 /* Video */,
				5E65F0262A2C267B00FD2851 /* Info.plist */,
				5E65F0372A2C2EAA00FD2851 /* Assets.xcassets */,
				5E65F0002A2C229900FD2851 /* Preview Content */,
			);
			path = Africa;
			sourceTree = "<group>";
		};
		5E65F0002A2C229900FD2851 /* Preview Content */ = {
			isa = PBXGroup;
			children = (
				5E65F0012A2C229900FD2851 /* Preview Assets.xcassets */,
			);
			path = "Preview Content";
			sourceTree = "<group>";
		};
		5E65F0082A2C242F00FD2851 /* Video */ = {
			isa = PBXGroup;
			children = (
				5E65F0092A2C246300FD2851 /* cheetah.mp4 */,
				5E65F00A2A2C246300FD2851 /* elephant.mp4 */,
				5E65F0122A2C246300FD2851 /* giraffe.mp4 */,
				5E65F00E2A2C246300FD2851 /* gorilla.mp4 */,
				5E65F00F2A2C246300FD2851 /* hippo.mp4 */,
				5E65F00C2A2C246300FD2851 /* lion.mp4 */,
				5E65F00D2A2C246300FD2851 /* lioness.mp4 */,
				5E65F0102A2C246300FD2851 /* ostrich.mp4 */,
				5E65F0112A2C246300FD2851 /* rhino.mp4 */,
				5E65F00B2A2C246300FD2851 /* zebra.mp4 */,
			);
			path = Video;
			sourceTree = "<group>";
		};
		5E65F01D2A2C251C00FD2851 /* Data */ = {
			isa = PBXGroup;
			children = (
				5E65F01F2A2C254900FD2851 /* animals.json */,
				5E65F01E2A2C254900FD2851 /* covers.json */,
				5E65F0202A2C254900FD2851 /* locations.json */,
				5E65F0212A2C254900FD2851 /* videos.json */,
			);
			path = Data;
			sourceTree = "<group>";
		};
		5E65F0272A2C275600FD2851 /* App */ = {
			isa = PBXGroup;
			children = (
				5E65EFFA2A2C229800FD2851 /* AfricaApp.swift */,
				5E65EFFC2A2C229800FD2851 /* ContentView.swift */,
				5E65F0282A2C281000FD2851 /* VideoListView.swift */,
				5E65F02C2A2C285200FD2851 /* GalleryView.swift */,
				5E65F02E2A2C285E00FD2851 /* MainView.swift */,
				5E65F02A2A2C282600FD2851 /* MapView.swift */,
			);
			path = App;
			sourceTree = "<group>";
		};
		5E65F0302A2C2DAC00FD2851 /* View */ = {
			isa = PBXGroup;
			children = (
				5E65F0312A2C2DB900FD2851 /* CoverImageView.swift */,
				5E12B9AE2A2C459500877266 /* AnimalDetailView.swift */,
				5E12B9B42A2C4D4400877266 /* InsertFactView.swift */,
				5E12B9BE2A2D758F00877266 /* VideoPlayerView.swift */,
				5E12B9C72A2DBD2F00877266 /* MotionAnimationView.swift */,
				5E12B9C52A2DAF4800877266 /* MapAnnotationView.swift */,
				5E12B9BC2A2CD09800877266 /* VideoListItemView.swift */,
				5E12B9B62A2C51D800877266 /* InsertMapView.swift */,
				5E12B9B82A2C9B4D00877266 /* ExternalWeblinkView.swift */,
				5E12B9B02A2C481D00877266 /* HeadingView.swift */,
				5E12B9B22A2C490800877266 /* InsertGalleryView.swift */,
				5E65F03F2A2C3E8500FD2851 /* AnimalListItemView.swift */,
				5E1C6AB62A2EEEDE008EA463 /* AnimalGridItemView.swift */,
				5EA7234F2A316EDD005C1D4E /* CreditsView.swift */,
			);
			path = View;
			sourceTree = "<group>";
		};
		5E65F0392A2C37C700FD2851 /* Model */ = {
			isa = PBXGroup;
			children = (
				5E65F03A2A2C37DE00FD2851 /* CoverImageModel.swift */,
				5E12B9BA2A2CC90500877266 /* VideoModel.swift */,
				5E12B9C32A2D849100877266 /* LocationModel.swift */,
				5E65F0412A2C40BB00FD2851 /* AnimalModel.swift */,
			);
			path = Model;
			sourceTree = "<group>";
		};
		5E65F03C2A2C38D300FD2851 /* Extension */ = {
			isa = PBXGroup;
			children = (
				5E65F03D2A2C38E400FD2851 /* CodableBundleExtension.swift */,
			);
			path = Extension;
			sourceTree = "<group>";
		};
		5EA723422A316C7B005C1D4E /* Stickers */ = {
			isa = PBXGroup;
			children = (
				5EA723432A316C7C005C1D4E /* Stickers.xcassets */,
				5EA723452A316C7C005C1D4E /* Info.plist */,
			);
			path = Stickers;
			sourceTree = "<group>";
		};
		5EA723512A31EB4B005C1D4E /* Modifier */ = {
			isa = PBXGroup;
			children = (
				5EA723522A31EB5F005C1D4E /* CenterModifier.swift */,
			);
			path = Modifier;
			sourceTree = "<group>";
		};
/* End PBXGroup section */

/* Begin PBXNativeTarget section */
		5E65EFF62A2C229800FD2851 /* Africa */ = {
			isa = PBXNativeTarget;
			buildConfigurationList = 5E65F0052A2C229900FD2851 /* Build configuration list for PBXNativeTarget "Africa" */;
			buildPhases = (
				5E65EFF32A2C229800FD2851 /* Sources */,
				5E65EFF42A2C229800FD2851 /* Frameworks */,
				5E65EFF52A2C229800FD2851 /* Resources */,
				5EA723492A316C7C005C1D4E /* Embed Foundation Extensions */,
			);
			buildRules = (
			);
			dependencies = (
				5EA723472A316C7C005C1D4E /* PBXTargetDependency */,
			);
			name = Africa;
			productName = Africa;
			productReference = 5E65EFF72A2C229800FD2851 /* Africa.app */;
			productType = "com.apple.product-type.application";
		};
		5EA723402A316C7B005C1D4E /* Stickers */ = {
			isa = PBXNativeTarget;
			buildConfigurationList = 5EA7234C2A316C7C005C1D4E /* Build configuration list for PBXNativeTarget "Stickers" */;
			buildPhases = (
				5EA7233F2A316C7B005C1D4E /* Resources */,
			);
			buildRules = (
			);
			dependencies = (
			);
			name = Stickers;
			productName = Stickers;
			productReference = 5EA723412A316C7B005C1D4E /* Stickers.appex */;
			productType = "com.apple.product-type.app-extension.messages-sticker-pack";
		};
/* End PBXNativeTarget section */

/* Begin PBXProject section */
		5E65EFEF2A2C229800FD2851 /* Project object */ = {
			isa = PBXProject;
			attributes = {
				BuildIndependentTargetsInParallel = 1;
				LastSwiftUpdateCheck = 1430;
				LastUpgradeCheck = 1430;
				TargetAttributes = {
					5E65EFF62A2C229800FD2851 = {
						CreatedOnToolsVersion = 14.3;
					};
					5EA723402A316C7B005C1D4E = {
						CreatedOnToolsVersion = 14.3.1;
					};
				};
			};
			buildConfigurationList = 5E65EFF22A2C229800FD2851 /* Build configuration list for PBXProject "Africa" */;
			compatibilityVersion = "Xcode 14.0";
			developmentRegion = en;
			hasScannedForEncodings = 0;
			knownRegions = (
				en,
				Base,
			);
			mainGroup = 5E65EFEE2A2C229800FD2851;
			productRefGroup = 5E65EFF82A2C229800FD2851 /* Products */;
			projectDirPath = "";
			projectRoot = "";
			targets = (
				5E65EFF62A2C229800FD2851 /* Africa */,
				5EA723402A316C7B005C1D4E /* Stickers */,
			);
		};
/* End PBXProject section */

/* Begin PBXResourcesBuildPhase section */
		5E65EFF52A2C229800FD2851 /* Resources */ = {
			isa = PBXResourcesBuildPhase;
			buildActionMask = 2147483647;
			files = (
				5E65F0222A2C254900FD2851 /* covers.json in Resources */,
				5E65F0142A2C246300FD2851 /* elephant.mp4 in Resources */,
				5E65F0192A2C246300FD2851 /* hippo.mp4 in Resources */,
				5E65F01C2A2C246300FD2851 /* giraffe.mp4 in Resources */,
				5E65F0162A2C246300FD2851 /* lion.mp4 in Resources */,
				5E65F0152A2C246300FD2851 /* zebra.mp4 in Resources */,
				5E65F0022A2C229900FD2851 /* Preview Assets.xcassets in Resources */,
				5E65F0242A2C254900FD2851 /* locations.json in Resources */,
				5E65F0232A2C254900FD2851 /* animals.json in Resources */,
				5E65F0182A2C246300FD2851 /* gorilla.mp4 in Resources */,
				5E65F0172A2C246300FD2851 /* lioness.mp4 in Resources */,
				5E65F01A2A2C246300FD2851 /* ostrich.mp4 in Resources */,
				5E65F0252A2C254900FD2851 /* videos.json in Resources */,
				5E65F01B2A2C246300FD2851 /* rhino.mp4 in Resources */,
				5E65F0382A2C2EAA00FD2851 /* Assets.xcassets in Resources */,
				5E65F0132A2C246300FD2851 /* cheetah.mp4 in Resources */,
			);
			runOnlyForDeploymentPostprocessing = 0;
		};
		5EA7233F2A316C7B005C1D4E /* Resources */ = {
			isa = PBXResourcesBuildPhase;
			buildActionMask = 2147483647;
			files = (
				5EA723442A316C7C005C1D4E /* Stickers.xcassets in Resources */,
			);
			runOnlyForDeploymentPostprocessing = 0;
		};
/* End PBXResourcesBuildPhase section */

/* Begin PBXSourcesBuildPhase section */
		5E65EFF32A2C229800FD2851 /* Sources */ = {
			isa = PBXSourcesBuildPhase;
			buildActionMask = 2147483647;
			files = (
				5E12B9B92A2C9B4D00877266 /* ExternalWeblinkView.swift in Sources */,
				5E65EFFD2A2C229800FD2851 /* ContentView.swift in Sources */,
				5E65F0402A2C3E8500FD2851 /* AnimalListItemView.swift in Sources */,
				5E65F02F2A2C285E00FD2851 /* MainView.swift in Sources */,
				5E65F0322A2C2DB900FD2851 /* CoverImageView.swift in Sources */,
				5E65F03B2A2C37DE00FD2851 /* CoverImageModel.swift in Sources */,
				5E12B9AF2A2C459500877266 /* AnimalDetailView.swift in Sources */,
				5E65F0422A2C40BB00FD2851 /* AnimalModel.swift in Sources */,
				5E65F02B2A2C282600FD2851 /* MapView.swift in Sources */,
				5E65EFFB2A2C229800FD2851 /* AfricaApp.swift in Sources */,
				5E12B9C22A2D770D00877266 /* VideoPlayerHelper.swift in Sources */,
				5E65F0292A2C281000FD2851 /* VideoListView.swift in Sources */,
				5E65F02D2A2C285200FD2851 /* GalleryView.swift in Sources */,
				5E12B9C62A2DAF4800877266 /* MapAnnotationView.swift in Sources */,
				5E65F03E2A2C38E400FD2851 /* CodableBundleExtension.swift in Sources */,
				5E12B9BB2A2CC90500877266 /* VideoModel.swift in Sources */,
				5E12B9B72A2C51D800877266 /* InsertMapView.swift in Sources */,
				5E12B9C42A2D849100877266 /* LocationModel.swift in Sources */,
				5E1C6AB72A2EEEDE008EA463 /* AnimalGridItemView.swift in Sources */,
				5E12B9B32A2C490800877266 /* InsertGalleryView.swift in Sources */,
				5E12B9BD2A2CD09800877266 /* VideoListItemView.swift in Sources */,
				5EA723502A316EDD005C1D4E /* CreditsView.swift in Sources */,
				5E12B9B12A2C481D00877266 /* HeadingView.swift in Sources */,
				5E12B9C82A2DBD2F00877266 /* MotionAnimationView.swift in Sources */,
				5EA723532A31EB5F005C1D4E /* CenterModifier.swift in Sources */,
				5E12B9B52A2C4D4400877266 /* InsertFactView.swift in Sources */,
				5E12B9BF2A2D758F00877266 /* VideoPlayerView.swift in Sources */,
			);
			runOnlyForDeploymentPostprocessing = 0;
		};
/* End PBXSourcesBuildPhase section */

/* Begin PBXTargetDependency section */
		5EA723472A316C7C005C1D4E /* PBXTargetDependency */ = {
			isa = PBXTargetDependency;
			target = 5EA723402A316C7B005C1D4E /* Stickers */;
			targetProxy = 5EA723462A316C7C005C1D4E /* PBXContainerItemProxy */;
		};
/* End PBXTargetDependency section */

/* Begin XCBuildConfiguration section */
		5E65F0032A2C229900FD2851 /* Debug */ = {
			isa = XCBuildConfiguration;
			buildSettings = {
				ALWAYS_SEARCH_USER_PATHS = NO;
				CLANG_ANALYZER_NONNULL = YES;
				CLANG_ANALYZER_NUMBER_OBJECT_CONVERSION = YES_AGGRESSIVE;
				CLANG_CXX_LANGUAGE_STANDARD = "gnu++20";
				CLANG_ENABLE_MODULES = YES;
				CLANG_ENABLE_OBJC_ARC = YES;
				CLANG_ENABLE_OBJC_WEAK = YES;
				CLANG_WARN_BLOCK_CAPTURE_AUTORELEASING = YES;
				CLANG_WARN_BOOL_CONVERSION = YES;
				CLANG_WARN_COMMA = YES;
				CLANG_WARN_CONSTANT_CONVERSION = YES;
				CLANG_WARN_DEPRECATED_OBJC_IMPLEMENTATIONS = YES;
				CLANG_WARN_DIRECT_OBJC_ISA_USAGE = YES_ERROR;
				CLANG_WARN_DOCUMENTATION_COMMENTS = YES;
				CLANG_WARN_EMPTY_BODY = YES;
				CLANG_WARN_ENUM_CONVERSION = YES;
				CLANG_WARN_INFINITE_RECURSION = YES;
				CLANG_WARN_INT_CONVERSION = YES;
				CLANG_WARN_NON_LITERAL_NULL_CONVERSION = YES;
				CLANG_WARN_OBJC_IMPLICIT_RETAIN_SELF = YES;
				CLANG_WARN_OBJC_LITERAL_CONVERSION = YES;
				CLANG_WARN_OBJC_ROOT_CLASS = YES_ERROR;
				CLANG_WARN_QUOTED_INCLUDE_IN_FRAMEWORK_HEADER = YES;
				CLANG_WARN_RANGE_LOOP_ANALYSIS = YES;
				CLANG_WARN_STRICT_PROTOTYPES = YES;
				CLANG_WARN_SUSPICIOUS_MOVE = YES;
				CLANG_WARN_UNGUARDED_AVAILABILITY = YES_AGGRESSIVE;
				CLANG_WARN_UNREACHABLE_CODE = YES;
				CLANG_WARN__DUPLICATE_METHOD_MATCH = YES;
				COPY_PHASE_STRIP = NO;
				DEBUG_INFORMATION_FORMAT = dwarf;
				ENABLE_STRICT_OBJC_MSGSEND = YES;
				ENABLE_TESTABILITY = YES;
				GCC_C_LANGUAGE_STANDARD = gnu11;
				GCC_DYNAMIC_NO_PIC = NO;
				GCC_NO_COMMON_BLOCKS = YES;
				GCC_OPTIMIZATION_LEVEL = 0;
				GCC_PREPROCESSOR_DEFINITIONS = (
					"DEBUG=1",
					"$(inherited)",
				);
				GCC_WARN_64_TO_32_BIT_CONVERSION = YES;
				GCC_WARN_ABOUT_RETURN_TYPE = YES_ERROR;
				GCC_WARN_UNDECLARED_SELECTOR = YES;
				GCC_WARN_UNINITIALIZED_AUTOS = YES_AGGRESSIVE;
				GCC_WARN_UNUSED_FUNCTION = YES;
				GCC_WARN_UNUSED_VARIABLE = YES;
				IPHONEOS_DEPLOYMENT_TARGET = 16.4;
				MTL_ENABLE_DEBUG_INFO = INCLUDE_SOURCE;
				MTL_FAST_MATH = YES;
				ONLY_ACTIVE_ARCH = YES;
				SDKROOT = iphoneos;
				SWIFT_ACTIVE_COMPILATION_CONDITIONS = DEBUG;
				SWIFT_OPTIMIZATION_LEVEL = "-Onone";
			};
			name = Debug;
		};
		5E65F0042A2C229900FD2851 /* Release */ = {
			isa = XCBuildConfiguration;
			buildSettings = {
				ALWAYS_SEARCH_USER_PATHS = NO;
				CLANG_ANALYZER_NONNULL = YES;
				CLANG_ANALYZER_NUMBER_OBJECT_CONVERSION = YES_AGGRESSIVE;
				CLANG_CXX_LANGUAGE_STANDARD = "gnu++20";
				CLANG_ENABLE_MODULES = YES;
				CLANG_ENABLE_OBJC_ARC = YES;
				CLANG_ENABLE_OBJC_WEAK = YES;
				CLANG_WARN_BLOCK_CAPTURE_AUTORELEASING = YES;
				CLANG_WARN_BOOL_CONVERSION = YES;
				CLANG_WARN_COMMA = YES;
				CLANG_WARN_CONSTANT_CONVERSION = YES;
				CLANG_WARN_DEPRECATED_OBJC_IMPLEMENTATIONS = YES;
				CLANG_WARN_DIRECT_OBJC_ISA_USAGE = YES_ERROR;
				CLANG_WARN_DOCUMENTATION_COMMENTS = YES;
				CLANG_WARN_EMPTY_BODY = YES;
				CLANG_WARN_ENUM_CONVERSION = YES;
				CLANG_WARN_INFINITE_RECURSION = YES;
				CLANG_WARN_INT_CONVERSION = YES;
				CLANG_WARN_NON_LITERAL_NULL_CONVERSION = YES;
				CLANG_WARN_OBJC_IMPLICIT_RETAIN_SELF = YES;
				CLANG_WARN_OBJC_LITERAL_CONVERSION = YES;
				CLANG_WARN_OBJC_ROOT_CLASS = YES_ERROR;
				CLANG_WARN_QUOTED_INCLUDE_IN_FRAMEWORK_HEADER = YES;
				CLANG_WARN_RANGE_LOOP_ANALYSIS = YES;
				CLANG_WARN_STRICT_PROTOTYPES = YES;
				CLANG_WARN_SUSPICIOUS_MOVE = YES;
				CLANG_WARN_UNGUARDED_AVAILABILITY = YES_AGGRESSIVE;
				CLANG_WARN_UNREACHABLE_CODE = YES;
				CLANG_WARN__DUPLICATE_METHOD_MATCH = YES;
				COPY_PHASE_STRIP = NO;
				DEBUG_INFORMATION_FORMAT = "dwarf-with-dsym";
				ENABLE_NS_ASSERTIONS = NO;
				ENABLE_STRICT_OBJC_MSGSEND = YES;
				GCC_C_LANGUAGE_STANDARD = gnu11;
				GCC_NO_COMMON_BLOCKS = YES;
				GCC_WARN_64_TO_32_BIT_CONVERSION = YES;
				GCC_WARN_ABOUT_RETURN_TYPE = YES_ERROR;
				GCC_WARN_UNDECLARED_SELECTOR = YES;
				GCC_WARN_UNINITIALIZED_AUTOS = YES_AGGRESSIVE;
				GCC_WARN_UNUSED_FUNCTION = YES;
				GCC_WARN_UNUSED_VARIABLE = YES;
				IPHONEOS_DEPLOYMENT_TARGET = 16.4;
				MTL_ENABLE_DEBUG_INFO = NO;
				MTL_FAST_MATH = YES;
				SDKROOT = iphoneos;
				SWIFT_COMPILATION_MODE = wholemodule;
				SWIFT_OPTIMIZATION_LEVEL = "-O";
				VALIDATE_PRODUCT = YES;
			};
			name = Release;
		};
		5E65F0062A2C229900FD2851 /* Debug */ = {
			isa = XCBuildConfiguration;
			buildSettings = {
				ASSETCATALOG_COMPILER_APPICON_NAME = AppIcon;
				ASSETCATALOG_COMPILER_GLOBAL_ACCENT_COLOR_NAME = AccentColor;
				CODE_SIGN_STYLE = Automatic;
				CURRENT_PROJECT_VERSION = 1;
				DEVELOPMENT_ASSET_PATHS = "\"Africa/Preview Content\"";
				DEVELOPMENT_TEAM = C3U3CZ666D;
				ENABLE_PREVIEWS = YES;
				GENERATE_INFOPLIST_FILE = YES;
				INFOPLIST_FILE = Africa/Info.plist;
				INFOPLIST_KEY_UIApplicationSceneManifest_Generation = YES;
				INFOPLIST_KEY_UIApplicationSupportsIndirectInputEvents = YES;
				INFOPLIST_KEY_UISupportedInterfaceOrientations_iPad = "UIInterfaceOrientationPortrait UIInterfaceOrientationPortraitUpsideDown UIInterfaceOrientationLandscapeLeft UIInterfaceOrientationLandscapeRight";
				INFOPLIST_KEY_UISupportedInterfaceOrientations_iPhone = "UIInterfaceOrientationPortrait UIInterfaceOrientationLandscapeLeft UIInterfaceOrientationLandscapeRight";
				INFOPLIST_KEY_UIUserInterfaceStyle = Dark;
				LD_RUNPATH_SEARCH_PATHS = (
					"$(inherited)",
					"@executable_path/Frameworks",
				);
				MARKETING_VERSION = 1.0;
				PRODUCT_BUNDLE_IDENTIFIER = com.sangyong.Africa;
				PRODUCT_NAME = "$(TARGET_NAME)";
				SUPPORTED_PLATFORMS = "iphoneos iphonesimulator macosx";
				SUPPORTS_MACCATALYST = NO;
				SUPPORTS_MAC_DESIGNED_FOR_IPHONE_IPAD = YES;
				SWIFT_EMIT_LOC_STRINGS = YES;
				SWIFT_VERSION = 5.0;
				TARGETED_DEVICE_FAMILY = "1,2";
			};
			name = Debug;
		};
		5E65F0072A2C229900FD2851 /* Release */ = {
			isa = XCBuildConfiguration;
			buildSettings = {
				ASSETCATALOG_COMPILER_APPICON_NAME = AppIcon;
				ASSETCATALOG_COMPILER_GLOBAL_ACCENT_COLOR_NAME = AccentColor;
				CODE_SIGN_STYLE = Automatic;
				CURRENT_PROJECT_VERSION = 1;
				DEVELOPMENT_ASSET_PATHS = "\"Africa/Preview Content\"";
				DEVELOPMENT_TEAM = C3U3CZ666D;
				ENABLE_PREVIEWS = YES;
				GENERATE_INFOPLIST_FILE = YES;
				INFOPLIST_FILE = Africa/Info.plist;
				INFOPLIST_KEY_UIApplicationSceneManifest_Generation = YES;
				INFOPLIST_KEY_UIApplicationSupportsIndirectInputEvents = YES;
				INFOPLIST_KEY_UISupportedInterfaceOrientations_iPad = "UIInterfaceOrientationPortrait UIInterfaceOrientationPortraitUpsideDown UIInterfaceOrientationLandscapeLeft UIInterfaceOrientationLandscapeRight";
				INFOPLIST_KEY_UISupportedInterfaceOrientations_iPhone = "UIInterfaceOrientationPortrait UIInterfaceOrientationLandscapeLeft UIInterfaceOrientationLandscapeRight";
				INFOPLIST_KEY_UIUserInterfaceStyle = Dark;
				LD_RUNPATH_SEARCH_PATHS = (
					"$(inherited)",
					"@executable_path/Frameworks",
				);
				MARKETING_VERSION = 1.0;
				PRODUCT_BUNDLE_IDENTIFIER = com.sangyong.Africa;
				PRODUCT_NAME = "$(TARGET_NAME)";
				SUPPORTED_PLATFORMS = "iphoneos iphonesimulator macosx";
				SUPPORTS_MACCATALYST = NO;
				SUPPORTS_MAC_DESIGNED_FOR_IPHONE_IPAD = YES;
				SWIFT_EMIT_LOC_STRINGS = YES;
				SWIFT_VERSION = 5.0;
				TARGETED_DEVICE_FAMILY = "1,2";
			};
			name = Release;
		};
		5EA7234A2A316C7C005C1D4E /* Debug */ = {
			isa = XCBuildConfiguration;
			buildSettings = {
				ASSETCATALOG_COMPILER_APPICON_NAME = "iMessage App Icon";
				CODE_SIGN_STYLE = Automatic;
				CURRENT_PROJECT_VERSION = 1;
				DEVELOPMENT_TEAM = C3U3CZ666D;
				GENERATE_INFOPLIST_FILE = YES;
				INFOPLIST_FILE = Stickers/Info.plist;
				INFOPLIST_KEY_CFBundleDisplayName = Africa;
				MARKETING_VERSION = 1.0;
				PRODUCT_BUNDLE_IDENTIFIER = com.sangyong.Africa.Stickers;
				PRODUCT_NAME = "$(TARGET_NAME)";
				SKIP_INSTALL = YES;
				SWIFT_EMIT_LOC_STRINGS = YES;
				TARGETED_DEVICE_FAMILY = "1,2";
			};
			name = Debug;
		};
		5EA7234B2A316C7C005C1D4E /* Release */ = {
			isa = XCBuildConfiguration;
			buildSettings = {
				ASSETCATALOG_COMPILER_APPICON_NAME = "iMessage App Icon";
				CODE_SIGN_STYLE = Automatic;
				CURRENT_PROJECT_VERSION = 1;
				DEVELOPMENT_TEAM = C3U3CZ666D;
				GENERATE_INFOPLIST_FILE = YES;
				INFOPLIST_FILE = Stickers/Info.plist;
				INFOPLIST_KEY_CFBundleDisplayName = Africa;
				MARKETING_VERSION = 1.0;
				PRODUCT_BUNDLE_IDENTIFIER = com.sangyong.Africa.Stickers;
				PRODUCT_NAME = "$(TARGET_NAME)";
				SKIP_INSTALL = YES;
				SWIFT_EMIT_LOC_STRINGS = YES;
				TARGETED_DEVICE_FAMILY = "1,2";
			};
			name = Release;
		};
/* End XCBuildConfiguration section */

/* Begin XCConfigurationList section */
		5E65EFF22A2C229800FD2851 /* Build configuration list for PBXProject "Africa" */ = {
			isa = XCConfigurationList;
			buildConfigurations = (
				5E65F0032A2C229900FD2851 /* Debug */,
				5E65F0042A2C229900FD2851 /* Release */,
			);
			defaultConfigurationIsVisible = 0;
			defaultConfigurationName = Release;
		};
		5E65F0052A2C229900FD2851 /* Build configuration list for PBXNativeTarget "Africa" */ = {
			isa = XCConfigurationList;
			buildConfigurations = (
				5E65F0062A2C229900FD2851 /* Debug */,
				5E65F0072A2C229900FD2851 /* Release */,
			);
			defaultConfigurationIsVisible = 0;
			defaultConfigurationName = Release;
		};
		5EA7234C2A316C7C005C1D4E /* Build configuration list for PBXNativeTarget "Stickers" */ = {
			isa = XCConfigurationList;
			buildConfigurations = (
				5EA7234A2A316C7C005C1D4E /* Debug */,
				5EA7234B2A316C7C005C1D4E /* Release */,
			);
			defaultConfigurationIsVisible = 0;
			defaultConfigurationName = Release;
		};
/* End XCConfigurationList section */
	};
	rootObject = 5E65EFEF2A2C229800FD2851 /* Project object */;
}
