// !$*UTF8*$!
{
	archiveVersion = 1;
	classes = {
	};
	objectVersion = 56;
	objects = {

/* Begin PBXBuildFile section */
		5E66D27C2AC51EF5000FB73F /* AccountSummaryViewController.swift in Sources */ = {isa = PBXBuildFile; fileRef = 5E66D27B2AC51EF5000FB73F /* AccountSummaryViewController.swift */; };
		5E66D27E2AC53EAA000FB73F /* AccountSummaryHeaderView.swift in Sources */ = {isa = PBXBuildFile; fileRef = 5E66D27D2AC53EAA000FB73F /* AccountSummaryHeaderView.swift */; };
		5E66D2802AC53F7F000FB73F /* AccountSummaryHeaderView.xib in Resources */ = {isa = PBXBuildFile; fileRef = 5E66D27F2AC53F7F000FB73F /* AccountSummaryHeaderView.xib */; };
		5E777BC32AC287A300C1163C /* UIViewController+Utils.swift in Sources */ = {isa = PBXBuildFile; fileRef = 5E777BC22AC287A300C1163C /* UIViewController+Utils.swift */; };
		5E777BC52AC2C61B00C1163C /* MainViewController.swift in Sources */ = {isa = PBXBuildFile; fileRef = 5E777BC42AC2C61B00C1163C /* MainViewController.swift */; };
		5EB295342ABAEAF000507442 /* OnboardingContainerViewController.swift in Sources */ = {isa = PBXBuildFile; fileRef = 5EB295332ABAEAF000507442 /* OnboardingContainerViewController.swift */; };
		5EDA1F6A2AB88AB400CCC67C /* AppDelegate.swift in Sources */ = {isa = PBXBuildFile; fileRef = 5EDA1F692AB88AB400CCC67C /* AppDelegate.swift */; };
		5EDA1F6E2AB88AB400CCC67C /* LoginViewController.swift in Sources */ = {isa = PBXBuildFile; fileRef = 5EDA1F6D2AB88AB400CCC67C /* LoginViewController.swift */; };
		5EDA1F732AB88AB600CCC67C /* Assets.xcassets in Resources */ = {isa = PBXBuildFile; fileRef = 5EDA1F722AB88AB500CCC67C /* Assets.xcassets */; };
		5EDA1F762AB88AB600CCC67C /* LaunchScreen.storyboard in Resources */ = {isa = PBXBuildFile; fileRef = 5EDA1F742AB88AB600CCC67C /* LaunchScreen.storyboard */; };
		5EDA1F802AB88EB500CCC67C /* LoginView.swift in Sources */ = {isa = PBXBuildFile; fileRef = 5EDA1F7F2AB88EB500CCC67C /* LoginView.swift */; };
		5EEB67992AC6AC3300406356 /* AccountSummaryCell.swift in Sources */ = {isa = PBXBuildFile; fileRef = 5EEB67982AC6AC3300406356 /* AccountSummaryCell.swift */; };
		5EF9B2092ABFE9060055F6CD /* OnboardingViewController.swift in Sources */ = {isa = PBXBuildFile; fileRef = 5EF9B2082ABFE9060055F6CD /* OnboardingViewController.swift */; };
		5EF9B20B2AC136590055F6CD /* DummyViewController.swift in Sources */ = {isa = PBXBuildFile; fileRef = 5EF9B20A2AC136590055F6CD /* DummyViewController.swift */; };
		5EF9B20E2AC1B9230055F6CD /* LocalState.swift in Sources */ = {isa = PBXBuildFile; fileRef = 5EF9B20D2AC1B9230055F6CD /* LocalState.swift */; };
/* End PBXBuildFile section */

/* Begin PBXFileReference section */
		5E66D27B2AC51EF5000FB73F /* AccountSummaryViewController.swift */ = {isa = PBXFileReference; lastKnownFileType = sourcecode.swift; path = AccountSummaryViewController.swift; sourceTree = "<group>"; };
		5E66D27D2AC53EAA000FB73F /* AccountSummaryHeaderView.swift */ = {isa = PBXFileReference; lastKnownFileType = sourcecode.swift; path = AccountSummaryHeaderView.swift; sourceTree = "<group>"; };
		5E66D27F2AC53F7F000FB73F /* AccountSummaryHeaderView.xib */ = {isa = PBXFileReference; lastKnownFileType = file.xib; path = AccountSummaryHeaderView.xib; sourceTree = "<group>"; };
		5E777BC22AC287A300C1163C /* UIViewController+Utils.swift */ = {isa = PBXFileReference; lastKnownFileType = sourcecode.swift; path = "UIViewController+Utils.swift"; sourceTree = "<group>"; };
		5E777BC42AC2C61B00C1163C /* MainViewController.swift */ = {isa = PBXFileReference; lastKnownFileType = sourcecode.swift; path = MainViewController.swift; sourceTree = "<group>"; };
		5EB295332ABAEAF000507442 /* OnboardingContainerViewController.swift */ = {isa = PBXFileReference; lastKnownFileType = sourcecode.swift; path = OnboardingContainerViewController.swift; sourceTree = "<group>"; };
		5EDA1F662AB88AB400CCC67C /* Bankey.app */ = {isa = PBXFileReference; explicitFileType = wrapper.application; includeInIndex = 0; path = Bankey.app; sourceTree = BUILT_PRODUCTS_DIR; };
		5EDA1F692AB88AB400CCC67C /* AppDelegate.swift */ = {isa = PBXFileReference; lastKnownFileType = sourcecode.swift; path = AppDelegate.swift; sourceTree = "<group>"; };
		5EDA1F6D2AB88AB400CCC67C /* LoginViewController.swift */ = {isa = PBXFileReference; lastKnownFileType = sourcecode.swift; path = LoginViewController.swift; sourceTree = "<group>"; };
		5EDA1F722AB88AB500CCC67C /* Assets.xcassets */ = {isa = PBXFileReference; lastKnownFileType = folder.assetcatalog; path = Assets.xcassets; sourceTree = "<group>"; };
		5EDA1F752AB88AB600CCC67C /* Base */ = {isa = PBXFileReference; lastKnownFileType = file.storyboard; name = Base; path = Base.lproj/LaunchScreen.storyboard; sourceTree = "<group>"; };
		5EDA1F772AB88AB600CCC67C /* Info.plist */ = {isa = PBXFileReference; lastKnownFileType = text.plist.xml; path = Info.plist; sourceTree = "<group>"; };
		5EDA1F7F2AB88EB500CCC67C /* LoginView.swift */ = {isa = PBXFileReference; lastKnownFileType = sourcecode.swift; path = LoginView.swift; sourceTree = "<group>"; };
		5EEB67982AC6AC3300406356 /* AccountSummaryCell.swift */ = {isa = PBXFileReference; lastKnownFileType = sourcecode.swift; path = AccountSummaryCell.swift; sourceTree = "<group>"; };
		5EF9B2082ABFE9060055F6CD /* OnboardingViewController.swift */ = {isa = PBXFileReference; lastKnownFileType = sourcecode.swift; path = OnboardingViewController.swift; sourceTree = "<group>"; };
		5EF9B20A2AC136590055F6CD /* DummyViewController.swift */ = {isa = PBXFileReference; lastKnownFileType = sourcecode.swift; path = DummyViewController.swift; sourceTree = "<group>"; };
		5EF9B20D2AC1B9230055F6CD /* LocalState.swift */ = {isa = PBXFileReference; lastKnownFileType = sourcecode.swift; path = LocalState.swift; sourceTree = "<group>"; };
/* End PBXFileReference section */

/* Begin PBXFrameworksBuildPhase section */
		5EDA1F632AB88AB400CCC67C /* Frameworks */ = {
			isa = PBXFrameworksBuildPhase;
			buildActionMask = 2147483647;
			files = (
			);
			runOnlyForDeploymentPostprocessing = 0;
		};
/* End PBXFrameworksBuildPhase section */

/* Begin PBXGroup section */
		5E66D27A2AC51EB7000FB73F /* AccountSummary */ = {
			isa = PBXGroup;
			children = (
				5E66D27B2AC51EF5000FB73F /* AccountSummaryViewController.swift */,
				5EEB67962AC6AB5E00406356 /* Header */,
				5EEB67972AC6ABDB00406356 /* Cells */,
			);
			path = AccountSummary;
			sourceTree = "<group>";
		};
		5EB295322ABAE9C500507442 /* Onboarding */ = {
			isa = PBXGroup;
			children = (
				5EB295332ABAEAF000507442 /* OnboardingContainerViewController.swift */,
				5EF9B2082ABFE9060055F6CD /* OnboardingViewController.swift */,
			);
			path = Onboarding;
			sourceTree = "<group>";
		};
		5EDA1F5D2AB88AB400CCC67C = {
			isa = PBXGroup;
			children = (
				5EDA1F682AB88AB400CCC67C /* Bankey */,
				5EDA1F672AB88AB400CCC67C /* Products */,
			);
			sourceTree = "<group>";
		};
		5EDA1F672AB88AB400CCC67C /* Products */ = {
			isa = PBXGroup;
			children = (
				5EDA1F662AB88AB400CCC67C /* Bankey.app */,
			);
			name = Products;
			sourceTree = "<group>";
		};
		5EDA1F682AB88AB400CCC67C /* Bankey */ = {
			isa = PBXGroup;
			children = (
				5EDA1F692AB88AB400CCC67C /* AppDelegate.swift */,
				5E777BC42AC2C61B00C1163C /* MainViewController.swift */,
				5EDA1F7E2AB88E6E00CCC67C /* Login */,
				5EB295322ABAE9C500507442 /* Onboarding */,
				5E66D27A2AC51EB7000FB73F /* AccountSummary */,
				5EF9B20C2AC1B9050055F6CD /* Util */,
				5EDA1F7D2AB88DD100CCC67C /* Files */,
			);
			path = Bankey;
			sourceTree = "<group>";
		};
		5EDA1F7D2AB88DD100CCC67C /* Files */ = {
			isa = PBXGroup;
			children = (
				5EDA1F722AB88AB500CCC67C /* Assets.xcassets */,
				5EDA1F742AB88AB600CCC67C /* LaunchScreen.storyboard */,
				5EDA1F772AB88AB600CCC67C /* Info.plist */,
			);
			name = Files;
			sourceTree = "<group>";
		};
		5EDA1F7E2AB88E6E00CCC67C /* Login */ = {
			isa = PBXGroup;
			children = (
				5EDA1F7F2AB88EB500CCC67C /* LoginView.swift */,
				5EDA1F6D2AB88AB400CCC67C /* LoginViewController.swift */,
				5EF9B20A2AC136590055F6CD /* DummyViewController.swift */,
			);
			path = Login;
			sourceTree = "<group>";
		};
		5EEB67962AC6AB5E00406356 /* Header */ = {
			isa = PBXGroup;
			children = (
				5E66D27D2AC53EAA000FB73F /* AccountSummaryHeaderView.swift */,
				5E66D27F2AC53F7F000FB73F /* AccountSummaryHeaderView.xib */,
			);
			path = Header;
			sourceTree = "<group>";
		};
		5EEB67972AC6ABDB00406356 /* Cells */ = {
			isa = PBXGroup;
			children = (
				5EEB67982AC6AC3300406356 /* AccountSummaryCell.swift */,
			);
			path = Cells;
			sourceTree = "<group>";
		};
		5EF9B20C2AC1B9050055F6CD /* Util */ = {
			isa = PBXGroup;
			children = (
				5EF9B20D2AC1B9230055F6CD /* LocalState.swift */,
				5E777BC22AC287A300C1163C /* UIViewController+Utils.swift */,
			);
			path = Util;
			sourceTree = "<group>";
		};
/* End PBXGroup section */

/* Begin PBXNativeTarget section */
		5EDA1F652AB88AB400CCC67C /* Bankey */ = {
			isa = PBXNativeTarget;
			buildConfigurationList = 5EDA1F7A2AB88AB600CCC67C /* Build configuration list for PBXNativeTarget "Bankey" */;
			buildPhases = (
				5EDA1F622AB88AB400CCC67C /* Sources */,
				5EDA1F632AB88AB400CCC67C /* Frameworks */,
				5EDA1F642AB88AB400CCC67C /* Resources */,
			);
			buildRules = (
			);
			dependencies = (
			);
			name = Bankey;
			productName = Bankey;
			productReference = 5EDA1F662AB88AB400CCC67C /* Bankey.app */;
			productType = "com.apple.product-type.application";
		};
/* End PBXNativeTarget section */

/* Begin PBXProject section */
		5EDA1F5E2AB88AB400CCC67C /* Project object */ = {
			isa = PBXProject;
			attributes = {
				BuildIndependentTargetsInParallel = 1;
				LastSwiftUpdateCheck = 1430;
				LastUpgradeCheck = 1430;
				TargetAttributes = {
					5EDA1F652AB88AB400CCC67C = {
						CreatedOnToolsVersion = 14.3.1;
					};
				};
			};
			buildConfigurationList = 5EDA1F612AB88AB400CCC67C /* Build configuration list for PBXProject "Bankey" */;
			compatibilityVersion = "Xcode 14.0";
			developmentRegion = en;
			hasScannedForEncodings = 0;
			knownRegions = (
				en,
				Base,
			);
			mainGroup = 5EDA1F5D2AB88AB400CCC67C;
			productRefGroup = 5EDA1F672AB88AB400CCC67C /* Products */;
			projectDirPath = "";
			projectRoot = "";
			targets = (
				5EDA1F652AB88AB400CCC67C /* Bankey */,
			);
		};
/* End PBXProject section */

/* Begin PBXResourcesBuildPhase section */
		5EDA1F642AB88AB400CCC67C /* Resources */ = {
			isa = PBXResourcesBuildPhase;
			buildActionMask = 2147483647;
			files = (
				5E66D2802AC53F7F000FB73F /* AccountSummaryHeaderView.xib in Resources */,
				5EDA1F762AB88AB600CCC67C /* LaunchScreen.storyboard in Resources */,
				5EDA1F732AB88AB600CCC67C /* Assets.xcassets in Resources */,
			);
			runOnlyForDeploymentPostprocessing = 0;
		};
/* End PBXResourcesBuildPhase section */

/* Begin PBXSourcesBuildPhase section */
		5EDA1F622AB88AB400CCC67C /* Sources */ = {
			isa = PBXSourcesBuildPhase;
			buildActionMask = 2147483647;
			files = (
				5E777BC32AC287A300C1163C /* UIViewController+Utils.swift in Sources */,
				5EDA1F802AB88EB500CCC67C /* LoginView.swift in Sources */,
				5EF9B20E2AC1B9230055F6CD /* LocalState.swift in Sources */,
				5E66D27E2AC53EAA000FB73F /* AccountSummaryHeaderView.swift in Sources */,
				5EF9B20B2AC136590055F6CD /* DummyViewController.swift in Sources */,
				5EF9B2092ABFE9060055F6CD /* OnboardingViewController.swift in Sources */,
				5EEB67992AC6AC3300406356 /* AccountSummaryCell.swift in Sources */,
				5EDA1F6E2AB88AB400CCC67C /* LoginViewController.swift in Sources */,
				5E777BC52AC2C61B00C1163C /* MainViewController.swift in Sources */,
				5E66D27C2AC51EF5000FB73F /* AccountSummaryViewController.swift in Sources */,
				5EDA1F6A2AB88AB400CCC67C /* AppDelegate.swift in Sources */,
				5EB295342ABAEAF000507442 /* OnboardingContainerViewController.swift in Sources */,
			);
			runOnlyForDeploymentPostprocessing = 0;
		};
/* End PBXSourcesBuildPhase section */

/* Begin PBXVariantGroup section */
		5EDA1F742AB88AB600CCC67C /* LaunchScreen.storyboard */ = {
			isa = PBXVariantGroup;
			children = (
				5EDA1F752AB88AB600CCC67C /* Base */,
			);
			name = LaunchScreen.storyboard;
			sourceTree = "<group>";
		};
/* End PBXVariantGroup section */

/* Begin XCBuildConfiguration section */
		5EDA1F782AB88AB600CCC67C /* Debug */ = {
			isa = XCBuildConfiguration;
			buildSettings = {
				ALWAYS_SEARCH_USER_PATHS = NO;
				CLANG_ANALYZER_NONNULL = YES;
				CLANG_ANALYZER_NUMBER_OBJECT_CONVERSION = YES_AGGRESSIVE;
				CLANG_CXX_LANGUAGE_STANDARD = "gnu++20";
				CLANG_ENABLE_MODULES = YES;
				CLANG_ENABLE_OBJC_ARC = YES;
				CLANG_ENABLE_OBJC_WEAK = YES;
				CLANG_WARN_BLOCK_CAPTURE_AUTORELEASING = YES;
				CLANG_WARN_BOOL_CONVERSION = YES;
				CLANG_WARN_COMMA = YES;
				CLANG_WARN_CONSTANT_CONVERSION = YES;
				CLANG_WARN_DEPRECATED_OBJC_IMPLEMENTATIONS = YES;
				CLANG_WARN_DIRECT_OBJC_ISA_USAGE = YES_ERROR;
				CLANG_WARN_DOCUMENTATION_COMMENTS = YES;
				CLANG_WARN_EMPTY_BODY = YES;
				CLANG_WARN_ENUM_CONVERSION = YES;
				CLANG_WARN_INFINITE_RECURSION = YES;
				CLANG_WARN_INT_CONVERSION = YES;
				CLANG_WARN_NON_LITERAL_NULL_CONVERSION = YES;
				CLANG_WARN_OBJC_IMPLICIT_RETAIN_SELF = YES;
				CLANG_WARN_OBJC_LITERAL_CONVERSION = YES;
				CLANG_WARN_OBJC_ROOT_CLASS = YES_ERROR;
				CLANG_WARN_QUOTED_INCLUDE_IN_FRAMEWORK_HEADER = YES;
				CLANG_WARN_RANGE_LOOP_ANALYSIS = YES;
				CLANG_WARN_STRICT_PROTOTYPES = YES;
				CLANG_WARN_SUSPICIOUS_MOVE = YES;
				CLANG_WARN_UNGUARDED_AVAILABILITY = YES_AGGRESSIVE;
				CLANG_WARN_UNREACHABLE_CODE = YES;
				CLANG_WARN__DUPLICATE_METHOD_MATCH = YES;
				COPY_PHASE_STRIP = NO;
				DEBUG_INFORMATION_FORMAT = dwarf;
				ENABLE_STRICT_OBJC_MSGSEND = YES;
				ENABLE_TESTABILITY = YES;
				GCC_C_LANGUAGE_STANDARD = gnu11;
				GCC_DYNAMIC_NO_PIC = NO;
				GCC_NO_COMMON_BLOCKS = YES;
				GCC_OPTIMIZATION_LEVEL = 0;
				GCC_PREPROCESSOR_DEFINITIONS = (
					"DEBUG=1",
					"$(inherited)",
				);
				GCC_WARN_64_TO_32_BIT_CONVERSION = YES;
				GCC_WARN_ABOUT_RETURN_TYPE = YES_ERROR;
				GCC_WARN_UNDECLARED_SELECTOR = YES;
				GCC_WARN_UNINITIALIZED_AUTOS = YES_AGGRESSIVE;
				GCC_WARN_UNUSED_FUNCTION = YES;
				GCC_WARN_UNUSED_VARIABLE = YES;
				IPHONEOS_DEPLOYMENT_TARGET = 16.4;
				MTL_ENABLE_DEBUG_INFO = INCLUDE_SOURCE;
				MTL_FAST_MATH = YES;
				ONLY_ACTIVE_ARCH = YES;
				SDKROOT = iphoneos;
				SWIFT_ACTIVE_COMPILATION_CONDITIONS = DEBUG;
				SWIFT_OPTIMIZATION_LEVEL = "-Onone";
			};
			name = Debug;
		};
		5EDA1F792AB88AB600CCC67C /* Release */ = {
			isa = XCBuildConfiguration;
			buildSettings = {
				ALWAYS_SEARCH_USER_PATHS = NO;
				CLANG_ANALYZER_NONNULL = YES;
				CLANG_ANALYZER_NUMBER_OBJECT_CONVERSION = YES_AGGRESSIVE;
				CLANG_CXX_LANGUAGE_STANDARD = "gnu++20";
				CLANG_ENABLE_MODULES = YES;
				CLANG_ENABLE_OBJC_ARC = YES;
				CLANG_ENABLE_OBJC_WEAK = YES;
				CLANG_WARN_BLOCK_CAPTURE_AUTORELEASING = YES;
				CLANG_WARN_BOOL_CONVERSION = YES;
				CLANG_WARN_COMMA = YES;
				CLANG_WARN_CONSTANT_CONVERSION = YES;
				CLANG_WARN_DEPRECATED_OBJC_IMPLEMENTATIONS = YES;
				CLANG_WARN_DIRECT_OBJC_ISA_USAGE = YES_ERROR;
				CLANG_WARN_DOCUMENTATION_COMMENTS = YES;
				CLANG_WARN_EMPTY_BODY = YES;
				CLANG_WARN_ENUM_CONVERSION = YES;
				CLANG_WARN_INFINITE_RECURSION = YES;
				CLANG_WARN_INT_CONVERSION = YES;
				CLANG_WARN_NON_LITERAL_NULL_CONVERSION = YES;
				CLANG_WARN_OBJC_IMPLICIT_RETAIN_SELF = YES;
				CLANG_WARN_OBJC_LITERAL_CONVERSION = YES;
				CLANG_WARN_OBJC_ROOT_CLASS = YES_ERROR;
				CLANG_WARN_QUOTED_INCLUDE_IN_FRAMEWORK_HEADER = YES;
				CLANG_WARN_RANGE_LOOP_ANALYSIS = YES;
				CLANG_WARN_STRICT_PROTOTYPES = YES;
				CLANG_WARN_SUSPICIOUS_MOVE = YES;
				CLANG_WARN_UNGUARDED_AVAILABILITY = YES_AGGRESSIVE;
				CLANG_WARN_UNREACHABLE_CODE = YES;
				CLANG_WARN__DUPLICATE_METHOD_MATCH = YES;
				COPY_PHASE_STRIP = NO;
				DEBUG_INFORMATION_FORMAT = "dwarf-with-dsym";
				ENABLE_NS_ASSERTIONS = NO;
				ENABLE_STRICT_OBJC_MSGSEND = YES;
				GCC_C_LANGUAGE_STANDARD = gnu11;
				GCC_NO_COMMON_BLOCKS = YES;
				GCC_WARN_64_TO_32_BIT_CONVERSION = YES;
				GCC_WARN_ABOUT_RETURN_TYPE = YES_ERROR;
				GCC_WARN_UNDECLARED_SELECTOR = YES;
				GCC_WARN_UNINITIALIZED_AUTOS = YES_AGGRESSIVE;
				GCC_WARN_UNUSED_FUNCTION = YES;
				GCC_WARN_UNUSED_VARIABLE = YES;
				IPHONEOS_DEPLOYMENT_TARGET = 16.4;
				MTL_ENABLE_DEBUG_INFO = NO;
				MTL_FAST_MATH = YES;
				SDKROOT = iphoneos;
				SWIFT_COMPILATION_MODE = wholemodule;
				SWIFT_OPTIMIZATION_LEVEL = "-O";
				VALIDATE_PRODUCT = YES;
			};
			name = Release;
		};
		5EDA1F7B2AB88AB600CCC67C /* Debug */ = {
			isa = XCBuildConfiguration;
			buildSettings = {
				ASSETCATALOG_COMPILER_APPICON_NAME = AppIcon;
				ASSETCATALOG_COMPILER_GLOBAL_ACCENT_COLOR_NAME = AccentColor;
				CODE_SIGN_STYLE = Automatic;
				CURRENT_PROJECT_VERSION = 1;
				DEVELOPMENT_TEAM = C3U3CZ666D;
				GENERATE_INFOPLIST_FILE = YES;
				INFOPLIST_FILE = Bankey/Info.plist;
				INFOPLIST_KEY_UIApplicationSupportsIndirectInputEvents = YES;
				INFOPLIST_KEY_UILaunchStoryboardName = LaunchScreen;
				INFOPLIST_KEY_UISupportedInterfaceOrientations_iPad = "UIInterfaceOrientationPortrait UIInterfaceOrientationPortraitUpsideDown UIInterfaceOrientationLandscapeLeft UIInterfaceOrientationLandscapeRight";
				INFOPLIST_KEY_UISupportedInterfaceOrientations_iPhone = "UIInterfaceOrientationPortrait UIInterfaceOrientationLandscapeLeft UIInterfaceOrientationLandscapeRight";
				LD_RUNPATH_SEARCH_PATHS = (
					"$(inherited)",
					"@executable_path/Frameworks",
				);
				MARKETING_VERSION = 1.0;
				PRODUCT_BUNDLE_IDENTIFIER = com.sangyong.Bankey;
				PRODUCT_NAME = "$(TARGET_NAME)";
				SWIFT_EMIT_LOC_STRINGS = YES;
				SWIFT_VERSION = 5.0;
				TARGETED_DEVICE_FAMILY = "1,2";
			};
			name = Debug;
		};
		5EDA1F7C2AB88AB600CCC67C /* Release */ = {
			isa = XCBuildConfiguration;
			buildSettings = {
				ASSETCATALOG_COMPILER_APPICON_NAME = AppIcon;
				ASSETCATALOG_COMPILER_GLOBAL_ACCENT_COLOR_NAME = AccentColor;
				CODE_SIGN_STYLE = Automatic;
				CURRENT_PROJECT_VERSION = 1;
				DEVELOPMENT_TEAM = C3U3CZ666D;
				GENERATE_INFOPLIST_FILE = YES;
				INFOPLIST_FILE = Bankey/Info.plist;
				INFOPLIST_KEY_UIApplicationSupportsIndirectInputEvents = YES;
				INFOPLIST_KEY_UILaunchStoryboardName = LaunchScreen;
				INFOPLIST_KEY_UISupportedInterfaceOrientations_iPad = "UIInterfaceOrientationPortrait UIInterfaceOrientationPortraitUpsideDown UIInterfaceOrientationLandscapeLeft UIInterfaceOrientationLandscapeRight";
				INFOPLIST_KEY_UISupportedInterfaceOrientations_iPhone = "UIInterfaceOrientationPortrait UIInterfaceOrientationLandscapeLeft UIInterfaceOrientationLandscapeRight";
				LD_RUNPATH_SEARCH_PATHS = (
					"$(inherited)",
					"@executable_path/Frameworks",
				);
				MARKETING_VERSION = 1.0;
				PRODUCT_BUNDLE_IDENTIFIER = com.sangyong.Bankey;
				PRODUCT_NAME = "$(TARGET_NAME)";
				SWIFT_EMIT_LOC_STRINGS = YES;
				SWIFT_VERSION = 5.0;
				TARGETED_DEVICE_FAMILY = "1,2";
			};
			name = Release;
		};
/* End XCBuildConfiguration section */

/* Begin XCConfigurationList section */
		5EDA1F612AB88AB400CCC67C /* Build configuration list for PBXProject "Bankey" */ = {
			isa = XCConfigurationList;
			buildConfigurations = (
				5EDA1F782AB88AB600CCC67C /* Debug */,
				5EDA1F792AB88AB600CCC67C /* Release */,
			);
			defaultConfigurationIsVisible = 0;
			defaultConfigurationName = Release;
		};
		5EDA1F7A2AB88AB600CCC67C /* Build configuration list for PBXNativeTarget "Bankey" */ = {
			isa = XCConfigurationList;
			buildConfigurations = (
				5EDA1F7B2AB88AB600CCC67C /* Debug */,
				5EDA1F7C2AB88AB600CCC67C /* Release */,
			);
			defaultConfigurationIsVisible = 0;
			defaultConfigurationName = Release;
		};
/* End XCConfigurationList section */
	};
	rootObject = 5EDA1F5E2AB88AB400CCC67C /* Project object */;
}
