// !$*UTF8*$!
{
	archiveVersion = 1;
	classes = {
	};
	objectVersion = 56;
	objects = {

/* Begin PBXBuildFile section */
		5E865AAA2A89FF1B0056D1D2 /* ListRowItemVIew.swift in Sources */ = {isa = PBXBuildFile; fileRef = 5E865AA92A89FF1B0056D1D2 /* ListRowItemVIew.swift */; };
		5E9EB12B2A8B08390065306F /* CheckboxStyle.swift in Sources */ = {isa = PBXBuildFile; fileRef = 5E9EB12A2A8B08390065306F /* CheckboxStyle.swift */; };
		5EA10ABB2A8488E100A34747 /* DevoteApp.swift in Sources */ = {isa = PBXBuildFile; fileRef = 5EA10ABA2A8488E100A34747 /* DevoteApp.swift */; };
		5EA10ABD2A8488E100A34747 /* ContentView.swift in Sources */ = {isa = PBXBuildFile; fileRef = 5EA10ABC2A8488E100A34747 /* ContentView.swift */; };
		5EA10ABF2A8488E200A34747 /* Assets.xcassets in Resources */ = {isa = PBXBuildFile; fileRef = 5EA10ABE2A8488E200A34747 /* Assets.xcassets */; };
		5EA10AC22A8488E200A34747 /* Preview Assets.xcassets in Resources */ = {isa = PBXBuildFile; fileRef = 5EA10AC12A8488E200A34747 /* Preview Assets.xcassets */; };
		5EA10AC42A8488E200A34747 /* Persistence.swift in Sources */ = {isa = PBXBuildFile; fileRef = 5EA10AC32A8488E200A34747 /* Persistence.swift */; };
		5EA10AC72A8488E200A34747 /* Devote.xcdatamodeld in Sources */ = {isa = PBXBuildFile; fileRef = 5EA10AC52A8488E200A34747 /* Devote.xcdatamodeld */; };
		5EA10ADC2A848AB500A34747 /* sound-tap.mp3 in Resources */ = {isa = PBXBuildFile; fileRef = 5EA10AD92A848AB500A34747 /* sound-tap.mp3 */; };
		5EA10ADD2A848AB500A34747 /* sound-rise.mp3 in Resources */ = {isa = PBXBuildFile; fileRef = 5EA10ADA2A848AB500A34747 /* sound-rise.mp3 */; };
		5EA10ADE2A848AB500A34747 /* sound-ding.mp3 in Resources */ = {isa = PBXBuildFile; fileRef = 5EA10ADB2A848AB500A34747 /* sound-ding.mp3 */; };
		5EADFFA52A88F96E00CE6B8D /* BackgroundImageView.swift in Sources */ = {isa = PBXBuildFile; fileRef = 5EADFFA42A88F96E00CE6B8D /* BackgroundImageView.swift */; };
		5EADFFA72A88FB1E00CE6B8D /* NewTaskItemView.swift in Sources */ = {isa = PBXBuildFile; fileRef = 5EADFFA62A88FB1E00CE6B8D /* NewTaskItemView.swift */; };
		5EADFFAB2A89015900CE6B8D /* BlankView.swift in Sources */ = {isa = PBXBuildFile; fileRef = 5EADFFAA2A89015900CE6B8D /* BlankView.swift */; };
		5EDAC4EC2A88952300C7BA03 /* Constant.swift in Sources */ = {isa = PBXBuildFile; fileRef = 5EDAC4EB2A88952300C7BA03 /* Constant.swift */; };
		5EDAC4EE2A88F19200C7BA03 /* HideKeyboardExtension.swift in Sources */ = {isa = PBXBuildFile; fileRef = 5EDAC4ED2A88F19200C7BA03 /* HideKeyboardExtension.swift */; };
/* End PBXBuildFile section */

/* Begin PBXFileReference section */
		5E865AA92A89FF1B0056D1D2 /* ListRowItemVIew.swift */ = {isa = PBXFileReference; lastKnownFileType = sourcecode.swift; path = ListRowItemVIew.swift; sourceTree = "<group>"; };
		5E9EB12A2A8B08390065306F /* CheckboxStyle.swift */ = {isa = PBXFileReference; lastKnownFileType = sourcecode.swift; path = CheckboxStyle.swift; sourceTree = "<group>"; };
		5EA10AB72A8488E100A34747 /* Devote.app */ = {isa = PBXFileReference; explicitFileType = wrapper.application; includeInIndex = 0; path = Devote.app; sourceTree = BUILT_PRODUCTS_DIR; };
		5EA10ABA2A8488E100A34747 /* DevoteApp.swift */ = {isa = PBXFileReference; lastKnownFileType = sourcecode.swift; path = DevoteApp.swift; sourceTree = "<group>"; };
		5EA10ABC2A8488E100A34747 /* ContentView.swift */ = {isa = PBXFileReference; lastKnownFileType = sourcecode.swift; path = ContentView.swift; sourceTree = "<group>"; };
		5EA10ABE2A8488E200A34747 /* Assets.xcassets */ = {isa = PBXFileReference; lastKnownFileType = folder.assetcatalog; path = Assets.xcassets; sourceTree = "<group>"; };
		5EA10AC12A8488E200A34747 /* Preview Assets.xcassets */ = {isa = PBXFileReference; lastKnownFileType = folder.assetcatalog; path = "Preview Assets.xcassets"; sourceTree = "<group>"; };
		5EA10AC32A8488E200A34747 /* Persistence.swift */ = {isa = PBXFileReference; lastKnownFileType = sourcecode.swift; path = Persistence.swift; sourceTree = "<group>"; };
		5EA10AC62A8488E200A34747 /* Devote.xcdatamodel */ = {isa = PBXFileReference; lastKnownFileType = wrapper.xcdatamodel; path = Devote.xcdatamodel; sourceTree = "<group>"; };
		5EA10AD92A848AB500A34747 /* sound-tap.mp3 */ = {isa = PBXFileReference; lastKnownFileType = audio.mp3; path = "sound-tap.mp3"; sourceTree = "<group>"; };
		5EA10ADA2A848AB500A34747 /* sound-rise.mp3 */ = {isa = PBXFileReference; lastKnownFileType = audio.mp3; path = "sound-rise.mp3"; sourceTree = "<group>"; };
		5EA10ADB2A848AB500A34747 /* sound-ding.mp3 */ = {isa = PBXFileReference; lastKnownFileType = audio.mp3; path = "sound-ding.mp3"; sourceTree = "<group>"; };
		5EA10AE52A8878E300A34747 /* Info.plist */ = {isa = PBXFileReference; lastKnownFileType = text.plist; path = Info.plist; sourceTree = "<group>"; };
		5EADFFA42A88F96E00CE6B8D /* BackgroundImageView.swift */ = {isa = PBXFileReference; lastKnownFileType = sourcecode.swift; path = BackgroundImageView.swift; sourceTree = "<group>"; };
		5EADFFA62A88FB1E00CE6B8D /* NewTaskItemView.swift */ = {isa = PBXFileReference; lastKnownFileType = sourcecode.swift; path = NewTaskItemView.swift; sourceTree = "<group>"; };
		5EADFFAA2A89015900CE6B8D /* BlankView.swift */ = {isa = PBXFileReference; lastKnownFileType = sourcecode.swift; path = BlankView.swift; sourceTree = "<group>"; };
		5EDAC4EB2A88952300C7BA03 /* Constant.swift */ = {isa = PBXFileReference; lastKnownFileType = sourcecode.swift; path = Constant.swift; sourceTree = "<group>"; };
		5EDAC4ED2A88F19200C7BA03 /* HideKeyboardExtension.swift */ = {isa = PBXFileReference; lastKnownFileType = sourcecode.swift; path = HideKeyboardExtension.swift; sourceTree = "<group>"; };
/* End PBXFileReference section */

/* Begin PBXFrameworksBuildPhase section */
		5EA10AB42A8488E100A34747 /* Frameworks */ = {
			isa = PBXFrameworksBuildPhase;
			buildActionMask = 2147483647;
			files = (
			);
			runOnlyForDeploymentPostprocessing = 0;
		};
/* End PBXFrameworksBuildPhase section */

/* Begin PBXGroup section */
		5EA10AAE2A8488E100A34747 = {
			isa = PBXGroup;
			children = (
				5EA10AB92A8488E100A34747 /* Devote */,
				5EA10AB82A8488E100A34747 /* Products */,
			);
			sourceTree = "<group>";
		};
		5EA10AB82A8488E100A34747 /* Products */ = {
			isa = PBXGroup;
			children = (
				5EA10AB72A8488E100A34747 /* Devote.app */,
			);
			name = Products;
			sourceTree = "<group>";
		};
		5EA10AB92A8488E100A34747 /* Devote */ = {
			isa = PBXGroup;
			children = (
				5EA10AE52A8878E300A34747 /* Info.plist */,
				5EA10ABA2A8488E100A34747 /* DevoteApp.swift */,
				5EA10AE02A8877F900A34747 /* View */,
				5EA10AE42A88783300A34747 /* Model */,
				5EA10AE32A88781F00A34747 /* Style */,
				5EA10AE22A88781600A34747 /* Utility */,
				5EA10AE12A88780A00A34747 /* Extension */,
				5EA10ADF2A85E45900A34747 /* Sound */,
				5EA10AC02A8488E200A34747 /* Preview Content */,
				5EA10ABE2A8488E200A34747 /* Assets.xcassets */,
			);
			path = Devote;
			sourceTree = "<group>";
		};
		5EA10AC02A8488E200A34747 /* Preview Content */ = {
			isa = PBXGroup;
			children = (
				5EA10AC12A8488E200A34747 /* Preview Assets.xcassets */,
			);
			path = "Preview Content";
			sourceTree = "<group>";
		};
		5EA10ADF2A85E45900A34747 /* Sound */ = {
			isa = PBXGroup;
			children = (
				5EA10ADB2A848AB500A34747 /* sound-ding.mp3 */,
				5EA10ADA2A848AB500A34747 /* sound-rise.mp3 */,
				5EA10AD92A848AB500A34747 /* sound-tap.mp3 */,
			);
			path = Sound;
			sourceTree = "<group>";
		};
		5EA10AE02A8877F900A34747 /* View */ = {
			isa = PBXGroup;
			children = (
				5EA10ABC2A8488E100A34747 /* ContentView.swift */,
				5EADFFAA2A89015900CE6B8D /* BlankView.swift */,
				5EADFFA62A88FB1E00CE6B8D /* NewTaskItemView.swift */,
				5EADFFA42A88F96E00CE6B8D /* BackgroundImageView.swift */,
				5E865AA92A89FF1B0056D1D2 /* ListRowItemVIew.swift */,
			);
			path = View;
			sourceTree = "<group>";
		};
		5EA10AE12A88780A00A34747 /* Extension */ = {
			isa = PBXGroup;
			children = (
				5EDAC4ED2A88F19200C7BA03 /* HideKeyboardExtension.swift */,
			);
			path = Extension;
			sourceTree = "<group>";
		};
		5EA10AE22A88781600A34747 /* Utility */ = {
			isa = PBXGroup;
			children = (
				5EDAC4EB2A88952300C7BA03 /* Constant.swift */,
			);
			path = Utility;
			sourceTree = "<group>";
		};
		5EA10AE32A88781F00A34747 /* Style */ = {
			isa = PBXGroup;
			children = (
				5E9EB12A2A8B08390065306F /* CheckboxStyle.swift */,
			);
			path = Style;
			sourceTree = "<group>";
		};
		5EA10AE42A88783300A34747 /* Model */ = {
			isa = PBXGroup;
			children = (
				5EA10AC32A8488E200A34747 /* Persistence.swift */,
				5EA10AC52A8488E200A34747 /* Devote.xcdatamodeld */,
			);
			path = Model;
			sourceTree = "<group>";
		};
/* End PBXGroup section */

/* Begin PBXNativeTarget section */
		5EA10AB62A8488E100A34747 /* Devote */ = {
			isa = PBXNativeTarget;
			buildConfigurationList = 5EA10ACA2A8488E200A34747 /* Build configuration list for PBXNativeTarget "Devote" */;
			buildPhases = (
				5EA10AB32A8488E100A34747 /* Sources */,
				5EA10AB42A8488E100A34747 /* Frameworks */,
				5EA10AB52A8488E100A34747 /* Resources */,
			);
			buildRules = (
			);
			dependencies = (
			);
			name = Devote;
			productName = Devote;
			productReference = 5EA10AB72A8488E100A34747 /* Devote.app */;
			productType = "com.apple.product-type.application";
		};
/* End PBXNativeTarget section */

/* Begin PBXProject section */
		5EA10AAF2A8488E100A34747 /* Project object */ = {
			isa = PBXProject;
			attributes = {
				BuildIndependentTargetsInParallel = 1;
				LastSwiftUpdateCheck = 1430;
				LastUpgradeCheck = 1430;
				TargetAttributes = {
					5EA10AB62A8488E100A34747 = {
						CreatedOnToolsVersion = 14.3.1;
					};
				};
			};
			buildConfigurationList = 5EA10AB22A8488E100A34747 /* Build configuration list for PBXProject "Devote" */;
			compatibilityVersion = "Xcode 14.0";
			developmentRegion = en;
			hasScannedForEncodings = 0;
			knownRegions = (
				en,
				Base,
			);
			mainGroup = 5EA10AAE2A8488E100A34747;
			productRefGroup = 5EA10AB82A8488E100A34747 /* Products */;
			projectDirPath = "";
			projectRoot = "";
			targets = (
				5EA10AB62A8488E100A34747 /* Devote */,
			);
		};
/* End PBXProject section */

/* Begin PBXResourcesBuildPhase section */
		5EA10AB52A8488E100A34747 /* Resources */ = {
			isa = PBXResourcesBuildPhase;
			buildActionMask = 2147483647;
			files = (
				5EA10ADE2A848AB500A34747 /* sound-ding.mp3 in Resources */,
				5EA10ADC2A848AB500A34747 /* sound-tap.mp3 in Resources */,
				5EA10ADD2A848AB500A34747 /* sound-rise.mp3 in Resources */,
				5EA10AC22A8488E200A34747 /* Preview Assets.xcassets in Resources */,
				5EA10ABF2A8488E200A34747 /* Assets.xcassets in Resources */,
			);
			runOnlyForDeploymentPostprocessing = 0;
		};
/* End PBXResourcesBuildPhase section */

/* Begin PBXSourcesBuildPhase section */
		5EA10AB32A8488E100A34747 /* Sources */ = {
			isa = PBXSourcesBuildPhase;
			buildActionMask = 2147483647;
			files = (
				5E865AAA2A89FF1B0056D1D2 /* ListRowItemVIew.swift in Sources */,
				5EA10AC42A8488E200A34747 /* Persistence.swift in Sources */,
				5EADFFA52A88F96E00CE6B8D /* BackgroundImageView.swift in Sources */,
				5EA10ABD2A8488E100A34747 /* ContentView.swift in Sources */,
				5EDAC4EE2A88F19200C7BA03 /* HideKeyboardExtension.swift in Sources */,
				5EADFFAB2A89015900CE6B8D /* BlankView.swift in Sources */,
				5EDAC4EC2A88952300C7BA03 /* Constant.swift in Sources */,
				5EA10AC72A8488E200A34747 /* Devote.xcdatamodeld in Sources */,
				5EA10ABB2A8488E100A34747 /* DevoteApp.swift in Sources */,
				5E9EB12B2A8B08390065306F /* CheckboxStyle.swift in Sources */,
				5EADFFA72A88FB1E00CE6B8D /* NewTaskItemView.swift in Sources */,
			);
			runOnlyForDeploymentPostprocessing = 0;
		};
/* End PBXSourcesBuildPhase section */

/* Begin XCBuildConfiguration section */
		5EA10AC82A8488E200A34747 /* Debug */ = {
			isa = XCBuildConfiguration;
			buildSettings = {
				ALWAYS_SEARCH_USER_PATHS = NO;
				CLANG_ANALYZER_NONNULL = YES;
				CLANG_ANALYZER_NUMBER_OBJECT_CONVERSION = YES_AGGRESSIVE;
				CLANG_CXX_LANGUAGE_STANDARD = "gnu++20";
				CLANG_ENABLE_MODULES = YES;
				CLANG_ENABLE_OBJC_ARC = YES;
				CLANG_ENABLE_OBJC_WEAK = YES;
				CLANG_WARN_BLOCK_CAPTURE_AUTORELEASING = YES;
				CLANG_WARN_BOOL_CONVERSION = YES;
				CLANG_WARN_COMMA = YES;
				CLANG_WARN_CONSTANT_CONVERSION = YES;
				CLANG_WARN_DEPRECATED_OBJC_IMPLEMENTATIONS = YES;
				CLANG_WARN_DIRECT_OBJC_ISA_USAGE = YES_ERROR;
				CLANG_WARN_DOCUMENTATION_COMMENTS = YES;
				CLANG_WARN_EMPTY_BODY = YES;
				CLANG_WARN_ENUM_CONVERSION = YES;
				CLANG_WARN_INFINITE_RECURSION = YES;
				CLANG_WARN_INT_CONVERSION = YES;
				CLANG_WARN_NON_LITERAL_NULL_CONVERSION = YES;
				CLANG_WARN_OBJC_IMPLICIT_RETAIN_SELF = YES;
				CLANG_WARN_OBJC_LITERAL_CONVERSION = YES;
				CLANG_WARN_OBJC_ROOT_CLASS = YES_ERROR;
				CLANG_WARN_QUOTED_INCLUDE_IN_FRAMEWORK_HEADER = YES;
				CLANG_WARN_RANGE_LOOP_ANALYSIS = YES;
				CLANG_WARN_STRICT_PROTOTYPES = YES;
				CLANG_WARN_SUSPICIOUS_MOVE = YES;
				CLANG_WARN_UNGUARDED_AVAILABILITY = YES_AGGRESSIVE;
				CLANG_WARN_UNREACHABLE_CODE = YES;
				CLANG_WARN__DUPLICATE_METHOD_MATCH = YES;
				COPY_PHASE_STRIP = NO;
				DEBUG_INFORMATION_FORMAT = dwarf;
				ENABLE_STRICT_OBJC_MSGSEND = YES;
				ENABLE_TESTABILITY = YES;
				GCC_C_LANGUAGE_STANDARD = gnu11;
				GCC_DYNAMIC_NO_PIC = NO;
				GCC_NO_COMMON_BLOCKS = YES;
				GCC_OPTIMIZATION_LEVEL = 0;
				GCC_PREPROCESSOR_DEFINITIONS = (
					"DEBUG=1",
					"$(inherited)",
				);
				GCC_WARN_64_TO_32_BIT_CONVERSION = YES;
				GCC_WARN_ABOUT_RETURN_TYPE = YES_ERROR;
				GCC_WARN_UNDECLARED_SELECTOR = YES;
				GCC_WARN_UNINITIALIZED_AUTOS = YES_AGGRESSIVE;
				GCC_WARN_UNUSED_FUNCTION = YES;
				GCC_WARN_UNUSED_VARIABLE = YES;
				IPHONEOS_DEPLOYMENT_TARGET = 16.4;
				MTL_ENABLE_DEBUG_INFO = INCLUDE_SOURCE;
				MTL_FAST_MATH = YES;
				ONLY_ACTIVE_ARCH = YES;
				SDKROOT = iphoneos;
				SWIFT_ACTIVE_COMPILATION_CONDITIONS = DEBUG;
				SWIFT_OPTIMIZATION_LEVEL = "-Onone";
			};
			name = Debug;
		};
		5EA10AC92A8488E200A34747 /* Release */ = {
			isa = XCBuildConfiguration;
			buildSettings = {
				ALWAYS_SEARCH_USER_PATHS = NO;
				CLANG_ANALYZER_NONNULL = YES;
				CLANG_ANALYZER_NUMBER_OBJECT_CONVERSION = YES_AGGRESSIVE;
				CLANG_CXX_LANGUAGE_STANDARD = "gnu++20";
				CLANG_ENABLE_MODULES = YES;
				CLANG_ENABLE_OBJC_ARC = YES;
				CLANG_ENABLE_OBJC_WEAK = YES;
				CLANG_WARN_BLOCK_CAPTURE_AUTORELEASING = YES;
				CLANG_WARN_BOOL_CONVERSION = YES;
				CLANG_WARN_COMMA = YES;
				CLANG_WARN_CONSTANT_CONVERSION = YES;
				CLANG_WARN_DEPRECATED_OBJC_IMPLEMENTATIONS = YES;
				CLANG_WARN_DIRECT_OBJC_ISA_USAGE = YES_ERROR;
				CLANG_WARN_DOCUMENTATION_COMMENTS = YES;
				CLANG_WARN_EMPTY_BODY = YES;
				CLANG_WARN_ENUM_CONVERSION = YES;
				CLANG_WARN_INFINITE_RECURSION = YES;
				CLANG_WARN_INT_CONVERSION = YES;
				CLANG_WARN_NON_LITERAL_NULL_CONVERSION = YES;
				CLANG_WARN_OBJC_IMPLICIT_RETAIN_SELF = YES;
				CLANG_WARN_OBJC_LITERAL_CONVERSION = YES;
				CLANG_WARN_OBJC_ROOT_CLASS = YES_ERROR;
				CLANG_WARN_QUOTED_INCLUDE_IN_FRAMEWORK_HEADER = YES;
				CLANG_WARN_RANGE_LOOP_ANALYSIS = YES;
				CLANG_WARN_STRICT_PROTOTYPES = YES;
				CLANG_WARN_SUSPICIOUS_MOVE = YES;
				CLANG_WARN_UNGUARDED_AVAILABILITY = YES_AGGRESSIVE;
				CLANG_WARN_UNREACHABLE_CODE = YES;
				CLANG_WARN__DUPLICATE_METHOD_MATCH = YES;
				COPY_PHASE_STRIP = NO;
				DEBUG_INFORMATION_FORMAT = "dwarf-with-dsym";
				ENABLE_NS_ASSERTIONS = NO;
				ENABLE_STRICT_OBJC_MSGSEND = YES;
				GCC_C_LANGUAGE_STANDARD = gnu11;
				GCC_NO_COMMON_BLOCKS = YES;
				GCC_WARN_64_TO_32_BIT_CONVERSION = YES;
				GCC_WARN_ABOUT_RETURN_TYPE = YES_ERROR;
				GCC_WARN_UNDECLARED_SELECTOR = YES;
				GCC_WARN_UNINITIALIZED_AUTOS = YES_AGGRESSIVE;
				GCC_WARN_UNUSED_FUNCTION = YES;
				GCC_WARN_UNUSED_VARIABLE = YES;
				IPHONEOS_DEPLOYMENT_TARGET = 16.4;
				MTL_ENABLE_DEBUG_INFO = NO;
				MTL_FAST_MATH = YES;
				SDKROOT = iphoneos;
				SWIFT_COMPILATION_MODE = wholemodule;
				SWIFT_OPTIMIZATION_LEVEL = "-O";
				VALIDATE_PRODUCT = YES;
			};
			name = Release;
		};
		5EA10ACB2A8488E200A34747 /* Debug */ = {
			isa = XCBuildConfiguration;
			buildSettings = {
				ASSETCATALOG_COMPILER_APPICON_NAME = AppIcon;
				ASSETCATALOG_COMPILER_GLOBAL_ACCENT_COLOR_NAME = AccentColor;
				CODE_SIGN_STYLE = Automatic;
				CURRENT_PROJECT_VERSION = 1;
				DEVELOPMENT_ASSET_PATHS = "\"Devote/Preview Content\"";
				DEVELOPMENT_TEAM = C3U3CZ666D;
				ENABLE_PREVIEWS = YES;
				GENERATE_INFOPLIST_FILE = YES;
				INFOPLIST_FILE = Devote/Info.plist;
				INFOPLIST_KEY_UIApplicationSceneManifest_Generation = YES;
				INFOPLIST_KEY_UIApplicationSupportsIndirectInputEvents = YES;
				INFOPLIST_KEY_UISupportedInterfaceOrientations = UIInterfaceOrientationPortrait;
				INFOPLIST_KEY_UISupportedInterfaceOrientations_iPad = "UIInterfaceOrientationLandscapeLeft UIInterfaceOrientationLandscapeRight UIInterfaceOrientationPortrait UIInterfaceOrientationPortraitUpsideDown";
				LD_RUNPATH_SEARCH_PATHS = (
					"$(inherited)",
					"@executable_path/Frameworks",
				);
				MARKETING_VERSION = 1.0;
				PRODUCT_BUNDLE_IDENTIFIER = com.sangyong.Devote;
				PRODUCT_NAME = "$(TARGET_NAME)";
				SWIFT_EMIT_LOC_STRINGS = YES;
				SWIFT_VERSION = 5.0;
				TARGETED_DEVICE_FAMILY = "1,2";
			};
			name = Debug;
		};
		5EA10ACC2A8488E200A34747 /* Release */ = {
			isa = XCBuildConfiguration;
			buildSettings = {
				ASSETCATALOG_COMPILER_APPICON_NAME = AppIcon;
				ASSETCATALOG_COMPILER_GLOBAL_ACCENT_COLOR_NAME = AccentColor;
				CODE_SIGN_STYLE = Automatic;
				CURRENT_PROJECT_VERSION = 1;
				DEVELOPMENT_ASSET_PATHS = "\"Devote/Preview Content\"";
				DEVELOPMENT_TEAM = C3U3CZ666D;
				ENABLE_PREVIEWS = YES;
				GENERATE_INFOPLIST_FILE = YES;
				INFOPLIST_FILE = Devote/Info.plist;
				INFOPLIST_KEY_UIApplicationSceneManifest_Generation = YES;
				INFOPLIST_KEY_UIApplicationSupportsIndirectInputEvents = YES;
				INFOPLIST_KEY_UISupportedInterfaceOrientations = UIInterfaceOrientationPortrait;
				INFOPLIST_KEY_UISupportedInterfaceOrientations_iPad = "UIInterfaceOrientationLandscapeLeft UIInterfaceOrientationLandscapeRight UIInterfaceOrientationPortrait UIInterfaceOrientationPortraitUpsideDown";
				LD_RUNPATH_SEARCH_PATHS = (
					"$(inherited)",
					"@executable_path/Frameworks",
				);
				MARKETING_VERSION = 1.0;
				PRODUCT_BUNDLE_IDENTIFIER = com.sangyong.Devote;
				PRODUCT_NAME = "$(TARGET_NAME)";
				SWIFT_EMIT_LOC_STRINGS = YES;
				SWIFT_VERSION = 5.0;
				TARGETED_DEVICE_FAMILY = "1,2";
			};
			name = Release;
		};
/* End XCBuildConfiguration section */

/* Begin XCConfigurationList section */
		5EA10AB22A8488E100A34747 /* Build configuration list for PBXProject "Devote" */ = {
			isa = XCConfigurationList;
			buildConfigurations = (
				5EA10AC82A8488E200A34747 /* Debug */,
				5EA10AC92A8488E200A34747 /* Release */,
			);
			defaultConfigurationIsVisible = 0;
			defaultConfigurationName = Release;
		};
		5EA10ACA2A8488E200A34747 /* Build configuration list for PBXNativeTarget "Devote" */ = {
			isa = XCConfigurationList;
			buildConfigurations = (
				5EA10ACB2A8488E200A34747 /* Debug */,
				5EA10ACC2A8488E200A34747 /* Release */,
			);
			defaultConfigurationIsVisible = 0;
			defaultConfigurationName = Release;
		};
/* End XCConfigurationList section */

/* Begin XCVersionGroup section */
		5EA10AC52A8488E200A34747 /* Devote.xcdatamodeld */ = {
			isa = XCVersionGroup;
			children = (
				5EA10AC62A8488E200A34747 /* Devote.xcdatamodel */,
			);
			currentVersion = 5EA10AC62A8488E200A34747 /* Devote.xcdatamodel */;
			path = Devote.xcdatamodeld;
			sourceTree = "<group>";
			versionGroupType = wrapper.xcdatamodel;
		};
/* End XCVersionGroup section */
	};
	rootObject = 5EA10AAF2A8488E100A34747 /* Project object */;
}
