// !$*UTF8*$!
{
	archiveVersion = 1;
	classes = {
	};
	objectVersion = 56;
	objects = {

/* Begin PBXBuildFile section */
		5E495D0B2A23874B00E3339F /* CIrcleGroupView.swift in Sources */ = {isa = PBXBuildFile; fileRef = 5E495D0A2A23874B00E3339F /* CIrcleGroupView.swift */; };
		5E5C92952A20BDED007D39CF /* RestartApp.swift in Sources */ = {isa = PBXBuildFile; fileRef = 5E5C92942A20BDED007D39CF /* RestartApp.swift */; };
		5E5C92972A20BDED007D39CF /* ContentView.swift in Sources */ = {isa = PBXBuildFile; fileRef = 5E5C92962A20BDED007D39CF /* ContentView.swift */; };
		5E5C92992A20BDEE007D39CF /* Assets.xcassets in Resources */ = {isa = PBXBuildFile; fileRef = 5E5C92982A20BDEE007D39CF /* Assets.xcassets */; };
		5E5C929C2A20BDEE007D39CF /* Preview Assets.xcassets in Resources */ = {isa = PBXBuildFile; fileRef = 5E5C929B2A20BDEE007D39CF /* Preview Assets.xcassets */; };
		5EA743E22A24F7A300C80CED /* AudioPlayer.swift in Sources */ = {isa = PBXBuildFile; fileRef = 5EA743E12A24F7A300C80CED /* AudioPlayer.swift */; };
		5EA743E52A24FD5000C80CED /* chimeup.mp3 in Resources */ = {isa = PBXBuildFile; fileRef = 5EA743E32A24FD5000C80CED /* chimeup.mp3 */; };
		5EA743E62A24FD5000C80CED /* success.m4a in Resources */ = {isa = PBXBuildFile; fileRef = 5EA743E42A24FD5000C80CED /* success.m4a */; };
		5EFC6B762A21BE4700A32ADF /* OnboardingView.swift in Sources */ = {isa = PBXBuildFile; fileRef = 5EFC6B752A21BE4700A32ADF /* OnboardingView.swift */; };
		5EFC6B782A21BE5A00A32ADF /* HomeView.swift in Sources */ = {isa = PBXBuildFile; fileRef = 5EFC6B772A21BE5A00A32ADF /* HomeView.swift */; };
/* End PBXBuildFile section */

/* Begin PBXFileReference section */
		5E495D0A2A23874B00E3339F /* CIrcleGroupView.swift */ = {isa = PBXFileReference; lastKnownFileType = sourcecode.swift; path = CIrcleGroupView.swift; sourceTree = "<group>"; };
		5E5C92912A20BDED007D39CF /* Restart.app */ = {isa = PBXFileReference; explicitFileType = wrapper.application; includeInIndex = 0; path = Restart.app; sourceTree = BUILT_PRODUCTS_DIR; };
		5E5C92942A20BDED007D39CF /* RestartApp.swift */ = {isa = PBXFileReference; lastKnownFileType = sourcecode.swift; path = RestartApp.swift; sourceTree = "<group>"; };
		5E5C92962A20BDED007D39CF /* ContentView.swift */ = {isa = PBXFileReference; lastKnownFileType = sourcecode.swift; path = ContentView.swift; sourceTree = "<group>"; };
		5E5C92982A20BDEE007D39CF /* Assets.xcassets */ = {isa = PBXFileReference; lastKnownFileType = folder.assetcatalog; path = Assets.xcassets; sourceTree = "<group>"; };
		5E5C929B2A20BDEE007D39CF /* Preview Assets.xcassets */ = {isa = PBXFileReference; lastKnownFileType = folder.assetcatalog; path = "Preview Assets.xcassets"; sourceTree = "<group>"; };
		5E5C92AA2A20CF4A007D39CF /* Info.plist */ = {isa = PBXFileReference; lastKnownFileType = text.plist; path = Info.plist; sourceTree = "<group>"; };
		5EA743E12A24F7A300C80CED /* AudioPlayer.swift */ = {isa = PBXFileReference; lastKnownFileType = sourcecode.swift; path = AudioPlayer.swift; sourceTree = "<group>"; };
		5EA743E32A24FD5000C80CED /* chimeup.mp3 */ = {isa = PBXFileReference; lastKnownFileType = audio.mp3; path = chimeup.mp3; sourceTree = "<group>"; };
		5EA743E42A24FD5000C80CED /* success.m4a */ = {isa = PBXFileReference; lastKnownFileType = file; path = success.m4a; sourceTree = "<group>"; };
		5EFC6B752A21BE4700A32ADF /* OnboardingView.swift */ = {isa = PBXFileReference; lastKnownFileType = sourcecode.swift; path = OnboardingView.swift; sourceTree = "<group>"; };
		5EFC6B772A21BE5A00A32ADF /* HomeView.swift */ = {isa = PBXFileReference; lastKnownFileType = sourcecode.swift; path = HomeView.swift; sourceTree = "<group>"; };
/* End PBXFileReference section */

/* Begin PBXFrameworksBuildPhase section */
		5E5C928E2A20BDED007D39CF /* Frameworks */ = {
			isa = PBXFrameworksBuildPhase;
			buildActionMask = 2147483647;
			files = (
			);
			runOnlyForDeploymentPostprocessing = 0;
		};
/* End PBXFrameworksBuildPhase section */

/* Begin PBXGroup section */
		5E5C92882A20BDED007D39CF = {
			isa = PBXGroup;
			children = (
				5E5C92932A20BDED007D39CF /* Restart */,
				5E5C92922A20BDED007D39CF /* Products */,
			);
			sourceTree = "<group>";
		};
		5E5C92922A20BDED007D39CF /* Products */ = {
			isa = PBXGroup;
			children = (
				5E5C92912A20BDED007D39CF /* Restart.app */,
			);
			name = Products;
			sourceTree = "<group>";
		};
		5E5C92932A20BDED007D39CF /* Restart */ = {
			isa = PBXGroup;
			children = (
				5E5C92AA2A20CF4A007D39CF /* Info.plist */,
				5E5C92A92A20C274007D39CF /* Utilities */,
				5E5C92A82A20C227007D39CF /* Views */,
				5E5C92A62A20BEF1007D39CF /* Sounds */,
				5E5C92942A20BDED007D39CF /* RestartApp.swift */,
				5E5C92A72A20C21D007D39CF /* Screens */,
				5E5C92982A20BDEE007D39CF /* Assets.xcassets */,
				5E5C929A2A20BDEE007D39CF /* Preview Content */,
			);
			path = Restart;
			sourceTree = "<group>";
		};
		5E5C929A2A20BDEE007D39CF /* Preview Content */ = {
			isa = PBXGroup;
			children = (
				5E5C929B2A20BDEE007D39CF /* Preview Assets.xcassets */,
			);
			path = "Preview Content";
			sourceTree = "<group>";
		};
		5E5C92A62A20BEF1007D39CF /* Sounds */ = {
			isa = PBXGroup;
			children = (
				5EA743E32A24FD5000C80CED /* chimeup.mp3 */,
				5EA743E42A24FD5000C80CED /* success.m4a */,
			);
			path = Sounds;
			sourceTree = "<group>";
		};
		5E5C92A72A20C21D007D39CF /* Screens */ = {
			isa = PBXGroup;
			children = (
				5E5C92962A20BDED007D39CF /* ContentView.swift */,
				5EFC6B752A21BE4700A32ADF /* OnboardingView.swift */,
				5EFC6B772A21BE5A00A32ADF /* HomeView.swift */,
			);
			path = Screens;
			sourceTree = "<group>";
		};
		5E5C92A82A20C227007D39CF /* Views */ = {
			isa = PBXGroup;
			children = (
				5E495D0A2A23874B00E3339F /* CIrcleGroupView.swift */,
			);
			path = Views;
			sourceTree = "<group>";
		};
		5E5C92A92A20C274007D39CF /* Utilities */ = {
			isa = PBXGroup;
			children = (
				5EA743E12A24F7A300C80CED /* AudioPlayer.swift */,
			);
			path = Utilities;
			sourceTree = "<group>";
		};
/* End PBXGroup section */

/* Begin PBXNativeTarget section */
		5E5C92902A20BDED007D39CF /* Restart */ = {
			isa = PBXNativeTarget;
			buildConfigurationList = 5E5C929F2A20BDEE007D39CF /* Build configuration list for PBXNativeTarget "Restart" */;
			buildPhases = (
				5E5C928D2A20BDED007D39CF /* Sources */,
				5E5C928E2A20BDED007D39CF /* Frameworks */,
				5E5C928F2A20BDED007D39CF /* Resources */,
			);
			buildRules = (
			);
			dependencies = (
			);
			name = Restart;
			productName = Restart;
			productReference = 5E5C92912A20BDED007D39CF /* Restart.app */;
			productType = "com.apple.product-type.application";
		};
/* End PBXNativeTarget section */

/* Begin PBXProject section */
		5E5C92892A20BDED007D39CF /* Project object */ = {
			isa = PBXProject;
			attributes = {
				BuildIndependentTargetsInParallel = 1;
				LastSwiftUpdateCheck = 1430;
				LastUpgradeCheck = 1430;
				TargetAttributes = {
					5E5C92902A20BDED007D39CF = {
						CreatedOnToolsVersion = 14.3;
					};
				};
			};
			buildConfigurationList = 5E5C928C2A20BDED007D39CF /* Build configuration list for PBXProject "Restart" */;
			compatibilityVersion = "Xcode 14.0";
			developmentRegion = en;
			hasScannedForEncodings = 0;
			knownRegions = (
				en,
				Base,
			);
			mainGroup = 5E5C92882A20BDED007D39CF;
			productRefGroup = 5E5C92922A20BDED007D39CF /* Products */;
			projectDirPath = "";
			projectRoot = "";
			targets = (
				5E5C92902A20BDED007D39CF /* Restart */,
			);
		};
/* End PBXProject section */

/* Begin PBXResourcesBuildPhase section */
		5E5C928F2A20BDED007D39CF /* Resources */ = {
			isa = PBXResourcesBuildPhase;
			buildActionMask = 2147483647;
			files = (
				5EA743E62A24FD5000C80CED /* success.m4a in Resources */,
				5EA743E52A24FD5000C80CED /* chimeup.mp3 in Resources */,
				5E5C929C2A20BDEE007D39CF /* Preview Assets.xcassets in Resources */,
				5E5C92992A20BDEE007D39CF /* Assets.xcassets in Resources */,
			);
			runOnlyForDeploymentPostprocessing = 0;
		};
/* End PBXResourcesBuildPhase section */

/* Begin PBXSourcesBuildPhase section */
		5E5C928D2A20BDED007D39CF /* Sources */ = {
			isa = PBXSourcesBuildPhase;
			buildActionMask = 2147483647;
			files = (
				5EFC6B762A21BE4700A32ADF /* OnboardingView.swift in Sources */,
				5EFC6B782A21BE5A00A32ADF /* HomeView.swift in Sources */,
				5E495D0B2A23874B00E3339F /* CIrcleGroupView.swift in Sources */,
				5E5C92972A20BDED007D39CF /* ContentView.swift in Sources */,
				5E5C92952A20BDED007D39CF /* RestartApp.swift in Sources */,
				5EA743E22A24F7A300C80CED /* AudioPlayer.swift in Sources */,
			);
			runOnlyForDeploymentPostprocessing = 0;
		};
/* End PBXSourcesBuildPhase section */

/* Begin XCBuildConfiguration section */
		5E5C929D2A20BDEE007D39CF /* Debug */ = {
			isa = XCBuildConfiguration;
			buildSettings = {
				ALWAYS_SEARCH_USER_PATHS = NO;
				CLANG_ANALYZER_NONNULL = YES;
				CLANG_ANALYZER_NUMBER_OBJECT_CONVERSION = YES_AGGRESSIVE;
				CLANG_CXX_LANGUAGE_STANDARD = "gnu++20";
				CLANG_ENABLE_MODULES = YES;
				CLANG_ENABLE_OBJC_ARC = YES;
				CLANG_ENABLE_OBJC_WEAK = YES;
				CLANG_WARN_BLOCK_CAPTURE_AUTORELEASING = YES;
				CLANG_WARN_BOOL_CONVERSION = YES;
				CLANG_WARN_COMMA = YES;
				CLANG_WARN_CONSTANT_CONVERSION = YES;
				CLANG_WARN_DEPRECATED_OBJC_IMPLEMENTATIONS = YES;
				CLANG_WARN_DIRECT_OBJC_ISA_USAGE = YES_ERROR;
				CLANG_WARN_DOCUMENTATION_COMMENTS = YES;
				CLANG_WARN_EMPTY_BODY = YES;
				CLANG_WARN_ENUM_CONVERSION = YES;
				CLANG_WARN_INFINITE_RECURSION = YES;
				CLANG_WARN_INT_CONVERSION = YES;
				CLANG_WARN_NON_LITERAL_NULL_CONVERSION = YES;
				CLANG_WARN_OBJC_IMPLICIT_RETAIN_SELF = YES;
				CLANG_WARN_OBJC_LITERAL_CONVERSION = YES;
				CLANG_WARN_OBJC_ROOT_CLASS = YES_ERROR;
				CLANG_WARN_QUOTED_INCLUDE_IN_FRAMEWORK_HEADER = YES;
				CLANG_WARN_RANGE_LOOP_ANALYSIS = YES;
				CLANG_WARN_STRICT_PROTOTYPES = YES;
				CLANG_WARN_SUSPICIOUS_MOVE = YES;
				CLANG_WARN_UNGUARDED_AVAILABILITY = YES_AGGRESSIVE;
				CLANG_WARN_UNREACHABLE_CODE = YES;
				CLANG_WARN__DUPLICATE_METHOD_MATCH = YES;
				COPY_PHASE_STRIP = NO;
				DEBUG_INFORMATION_FORMAT = dwarf;
				ENABLE_STRICT_OBJC_MSGSEND = YES;
				ENABLE_TESTABILITY = YES;
				GCC_C_LANGUAGE_STANDARD = gnu11;
				GCC_DYNAMIC_NO_PIC = NO;
				GCC_NO_COMMON_BLOCKS = YES;
				GCC_OPTIMIZATION_LEVEL = 0;
				GCC_PREPROCESSOR_DEFINITIONS = (
					"DEBUG=1",
					"$(inherited)",
				);
				GCC_WARN_64_TO_32_BIT_CONVERSION = YES;
				GCC_WARN_ABOUT_RETURN_TYPE = YES_ERROR;
				GCC_WARN_UNDECLARED_SELECTOR = YES;
				GCC_WARN_UNINITIALIZED_AUTOS = YES_AGGRESSIVE;
				GCC_WARN_UNUSED_FUNCTION = YES;
				GCC_WARN_UNUSED_VARIABLE = YES;
				IPHONEOS_DEPLOYMENT_TARGET = 16.4;
				MTL_ENABLE_DEBUG_INFO = INCLUDE_SOURCE;
				MTL_FAST_MATH = YES;
				ONLY_ACTIVE_ARCH = YES;
				SDKROOT = iphoneos;
				SWIFT_ACTIVE_COMPILATION_CONDITIONS = DEBUG;
				SWIFT_OPTIMIZATION_LEVEL = "-Onone";
			};
			name = Debug;
		};
		5E5C929E2A20BDEE007D39CF /* Release */ = {
			isa = XCBuildConfiguration;
			buildSettings = {
				ALWAYS_SEARCH_USER_PATHS = NO;
				CLANG_ANALYZER_NONNULL = YES;
				CLANG_ANALYZER_NUMBER_OBJECT_CONVERSION = YES_AGGRESSIVE;
				CLANG_CXX_LANGUAGE_STANDARD = "gnu++20";
				CLANG_ENABLE_MODULES = YES;
				CLANG_ENABLE_OBJC_ARC = YES;
				CLANG_ENABLE_OBJC_WEAK = YES;
				CLANG_WARN_BLOCK_CAPTURE_AUTORELEASING = YES;
				CLANG_WARN_BOOL_CONVERSION = YES;
				CLANG_WARN_COMMA = YES;
				CLANG_WARN_CONSTANT_CONVERSION = YES;
				CLANG_WARN_DEPRECATED_OBJC_IMPLEMENTATIONS = YES;
				CLANG_WARN_DIRECT_OBJC_ISA_USAGE = YES_ERROR;
				CLANG_WARN_DOCUMENTATION_COMMENTS = YES;
				CLANG_WARN_EMPTY_BODY = YES;
				CLANG_WARN_ENUM_CONVERSION = YES;
				CLANG_WARN_INFINITE_RECURSION = YES;
				CLANG_WARN_INT_CONVERSION = YES;
				CLANG_WARN_NON_LITERAL_NULL_CONVERSION = YES;
				CLANG_WARN_OBJC_IMPLICIT_RETAIN_SELF = YES;
				CLANG_WARN_OBJC_LITERAL_CONVERSION = YES;
				CLANG_WARN_OBJC_ROOT_CLASS = YES_ERROR;
				CLANG_WARN_QUOTED_INCLUDE_IN_FRAMEWORK_HEADER = YES;
				CLANG_WARN_RANGE_LOOP_ANALYSIS = YES;
				CLANG_WARN_STRICT_PROTOTYPES = YES;
				CLANG_WARN_SUSPICIOUS_MOVE = YES;
				CLANG_WARN_UNGUARDED_AVAILABILITY = YES_AGGRESSIVE;
				CLANG_WARN_UNREACHABLE_CODE = YES;
				CLANG_WARN__DUPLICATE_METHOD_MATCH = YES;
				COPY_PHASE_STRIP = NO;
				DEBUG_INFORMATION_FORMAT = "dwarf-with-dsym";
				ENABLE_NS_ASSERTIONS = NO;
				ENABLE_STRICT_OBJC_MSGSEND = YES;
				GCC_C_LANGUAGE_STANDARD = gnu11;
				GCC_NO_COMMON_BLOCKS = YES;
				GCC_WARN_64_TO_32_BIT_CONVERSION = YES;
				GCC_WARN_ABOUT_RETURN_TYPE = YES_ERROR;
				GCC_WARN_UNDECLARED_SELECTOR = YES;
				GCC_WARN_UNINITIALIZED_AUTOS = YES_AGGRESSIVE;
				GCC_WARN_UNUSED_FUNCTION = YES;
				GCC_WARN_UNUSED_VARIABLE = YES;
				IPHONEOS_DEPLOYMENT_TARGET = 16.4;
				MTL_ENABLE_DEBUG_INFO = NO;
				MTL_FAST_MATH = YES;
				SDKROOT = iphoneos;
				SWIFT_COMPILATION_MODE = wholemodule;
				SWIFT_OPTIMIZATION_LEVEL = "-O";
				VALIDATE_PRODUCT = YES;
			};
			name = Release;
		};
		5E5C92A02A20BDEE007D39CF /* Debug */ = {
			isa = XCBuildConfiguration;
			buildSettings = {
				ASSETCATALOG_COMPILER_APPICON_NAME = AppIcon;
				ASSETCATALOG_COMPILER_GLOBAL_ACCENT_COLOR_NAME = AccentColor;
				CODE_SIGN_STYLE = Automatic;
				CURRENT_PROJECT_VERSION = 1;
				DEVELOPMENT_ASSET_PATHS = "\"Restart/Preview Content\"";
				DEVELOPMENT_TEAM = C3U3CZ666D;
				ENABLE_PREVIEWS = YES;
				GENERATE_INFOPLIST_FILE = YES;
				INFOPLIST_FILE = Restart/Info.plist;
				INFOPLIST_KEY_UIApplicationSceneManifest_Generation = YES;
				INFOPLIST_KEY_UIApplicationSupportsIndirectInputEvents = YES;
				INFOPLIST_KEY_UISupportedInterfaceOrientations = UIInterfaceOrientationPortrait;
				LD_RUNPATH_SEARCH_PATHS = (
					"$(inherited)",
					"@executable_path/Frameworks",
				);
				MARKETING_VERSION = 1.0;
				PRODUCT_BUNDLE_IDENTIFIER = com.sangyong.Restart;
				PRODUCT_NAME = "$(TARGET_NAME)";
				SWIFT_EMIT_LOC_STRINGS = YES;
				SWIFT_VERSION = 5.0;
				TARGETED_DEVICE_FAMILY = "1,2";
			};
			name = Debug;
		};
		5E5C92A12A20BDEE007D39CF /* Release */ = {
			isa = XCBuildConfiguration;
			buildSettings = {
				ASSETCATALOG_COMPILER_APPICON_NAME = AppIcon;
				ASSETCATALOG_COMPILER_GLOBAL_ACCENT_COLOR_NAME = AccentColor;
				CODE_SIGN_STYLE = Automatic;
				CURRENT_PROJECT_VERSION = 1;
				DEVELOPMENT_ASSET_PATHS = "\"Restart/Preview Content\"";
				DEVELOPMENT_TEAM = C3U3CZ666D;
				ENABLE_PREVIEWS = YES;
				GENERATE_INFOPLIST_FILE = YES;
				INFOPLIST_FILE = Restart/Info.plist;
				INFOPLIST_KEY_UIApplicationSceneManifest_Generation = YES;
				INFOPLIST_KEY_UIApplicationSupportsIndirectInputEvents = YES;
				INFOPLIST_KEY_UISupportedInterfaceOrientations = UIInterfaceOrientationPortrait;
				LD_RUNPATH_SEARCH_PATHS = (
					"$(inherited)",
					"@executable_path/Frameworks",
				);
				MARKETING_VERSION = 1.0;
				PRODUCT_BUNDLE_IDENTIFIER = com.sangyong.Restart;
				PRODUCT_NAME = "$(TARGET_NAME)";
				SWIFT_EMIT_LOC_STRINGS = YES;
				SWIFT_VERSION = 5.0;
				TARGETED_DEVICE_FAMILY = "1,2";
			};
			name = Release;
		};
/* End XCBuildConfiguration section */

/* Begin XCConfigurationList section */
		5E5C928C2A20BDED007D39CF /* Build configuration list for PBXProject "Restart" */ = {
			isa = XCConfigurationList;
			buildConfigurations = (
				5E5C929D2A20BDEE007D39CF /* Debug */,
				5E5C929E2A20BDEE007D39CF /* Release */,
			);
			defaultConfigurationIsVisible = 0;
			defaultConfigurationName = Release;
		};
		5E5C929F2A20BDEE007D39CF /* Build configuration list for PBXNativeTarget "Restart" */ = {
			isa = XCConfigurationList;
			buildConfigurations = (
				5E5C92A02A20BDEE007D39CF /* Debug */,
				5E5C92A12A20BDEE007D39CF /* Release */,
			);
			defaultConfigurationIsVisible = 0;
			defaultConfigurationName = Release;
		};
/* End XCConfigurationList section */
	};
	rootObject = 5E5C92892A20BDED007D39CF /* Project object */;
}
